// !$*UTF8*$!
{
	archiveVersion = 1;
	classes = {
	};
	objectVersion = 50;
	objects = {

/* Begin PBXBuildFile section */
		500E8DF1225C346E00D55408 /* JYBasicViewController.m in Sources */ = {isa = PBXBuildFile; fileRef = 500E8DF0225C346E00D55408 /* JYBasicViewController.m */; };
		500E8DF4225C351F00D55408 /* JYBasicView.m in Sources */ = {isa = PBXBuildFile; fileRef = 500E8DF3225C351F00D55408 /* JYBasicView.m */; };
		500E8DFE225C360A00D55408 /* JYCommonBaseWebView.m in Sources */ = {isa = PBXBuildFile; fileRef = 500E8DFD225C360A00D55408 /* JYCommonBaseWebView.m */; };
		500E8E01225C36B700D55408 /* JYCommonKits.m in Sources */ = {isa = PBXBuildFile; fileRef = 500E8E00225C36B600D55408 /* JYCommonKits.m */; };
		500E8E0B225C378700D55408 /* ABAUITextField.m in Sources */ = {isa = PBXBuildFile; fileRef = 500E8E04225C378400D55408 /* ABAUITextField.m */; };
		500E8E0C225C378700D55408 /* ABAUISearchBar.m in Sources */ = {isa = PBXBuildFile; fileRef = 500E8E06225C378500D55408 /* ABAUISearchBar.m */; };
		500E8E0D225C378700D55408 /* ABABasicUIButton.m in Sources */ = {isa = PBXBuildFile; fileRef = 500E8E07225C378500D55408 /* ABABasicUIButton.m */; };
		500E8E0E225C378700D55408 /* ABABasicUIControl.m in Sources */ = {isa = PBXBuildFile; fileRef = 500E8E08225C378600D55408 /* ABABasicUIControl.m */; };
		500E8E11225C385900D55408 /* ABAHtmlActionObjc.m in Sources */ = {isa = PBXBuildFile; fileRef = 500E8E10225C385900D55408 /* ABAHtmlActionObjc.m */; };
		500E8E14225C388300D55408 /* ABAShareAlertView.m in Sources */ = {isa = PBXBuildFile; fileRef = 500E8E13225C388300D55408 /* ABAShareAlertView.m */; };
		500E8E17225C399800D55408 /* ABAPopShareCategoryView.m in Sources */ = {isa = PBXBuildFile; fileRef = 500E8E15225C399700D55408 /* ABAPopShareCategoryView.m */; };
		500E8E1A225C3DAD00D55408 /* UIView+Extension.m in Sources */ = {isa = PBXBuildFile; fileRef = 500E8E19225C3DAD00D55408 /* UIView+Extension.m */; };
		500E8E20225C428100D55408 /* WDLUsefulKitModel.m in Sources */ = {isa = PBXBuildFile; fileRef = 500E8E1F225C428100D55408 /* WDLUsefulKitModel.m */; };
		5034B2F6226037D500D3B906 /* wchatsVC.m in Sources */ = {isa = PBXBuildFile; fileRef = 5034B2F5226037D500D3B906 /* wchatsVC.m */; };
		5034B2FE226042C000D3B906 /* MBProgressHUD+JJ.m in Sources */ = {isa = PBXBuildFile; fileRef = 5034B2F9226042BF00D3B906 /* MBProgressHUD+JJ.m */; };
		5034B2FF226042C000D3B906 /* MBProgressHUD.bundle in Resources */ = {isa = PBXBuildFile; fileRef = 5034B2FC226042BF00D3B906 /* MBProgressHUD.bundle */; };
		503B7196225ED56E00DF4AF2 /* JYWebViewController.m in Sources */ = {isa = PBXBuildFile; fileRef = 503B7195225ED56E00DF4AF2 /* JYWebViewController.m */; };
		503B7199225ED59400DF4AF2 /* JYWebView.m in Sources */ = {isa = PBXBuildFile; fileRef = 503B7198225ED59400DF4AF2 /* JYWebView.m */; };
		503B719F225ED67800DF4AF2 /* ABAActivityDetailShowView.m in Sources */ = {isa = PBXBuildFile; fileRef = 503B719E225ED67800DF4AF2 /* ABAActivityDetailShowView.m */; };
		503B71A2225EDE5300DF4AF2 /* booksVC.m in Sources */ = {isa = PBXBuildFile; fileRef = 503B71A1225EDE5300DF4AF2 /* booksVC.m */; };
		503B71A5225F095600DF4AF2 /* booksDetailVC.m in Sources */ = {isa = PBXBuildFile; fileRef = 503B71A4225F095600DF4AF2 /* booksDetailVC.m */; };
		503B71AC225F205200DF4AF2 /* jokesVC.m in Sources */ = {isa = PBXBuildFile; fileRef = 503B71AB225F205200DF4AF2 /* jokesVC.m */; };
		50530316225B002C00496E32 /* func.list in Resources */ = {isa = PBXBuildFile; fileRef = 50530315225B002C00496E32 /* func.list */; };
		506A51A1225C80B5003FDFFE /* ABALoadingAlertView.m in Sources */ = {isa = PBXBuildFile; fileRef = 506A51A0225C80B5003FDFFE /* ABALoadingAlertView.m */; };
		506A51A4225C8121003FDFFE /* UIView+Geometry.m in Sources */ = {isa = PBXBuildFile; fileRef = 506A51A3225C8121003FDFFE /* UIView+Geometry.m */; };
		506A51B0225C8453003FDFFE /* HSUpdateApp.m in Sources */ = {isa = PBXBuildFile; fileRef = 506A51AE225C8453003FDFFE /* HSUpdateApp.m */; };
		506A51B6225C8C38003FDFFE /* videoVC.m in Sources */ = {isa = PBXBuildFile; fileRef = 506A51B5225C8C38003FDFFE /* videoVC.m */; };
		506A51B9225C8C5F003FDFFE /* infoVC.m in Sources */ = {isa = PBXBuildFile; fileRef = 506A51B8225C8C5F003FDFFE /* infoVC.m */; };
		506A51BC225C8C85003FDFFE /* newsVC.m in Sources */ = {isa = PBXBuildFile; fileRef = 506A51BB225C8C85003FDFFE /* newsVC.m */; };
		506A51BF225C9585003FDFFE /* JYUIScrollView.m in Sources */ = {isa = PBXBuildFile; fileRef = 506A51BE225C9585003FDFFE /* JYUIScrollView.m */; };
		506A51C2225C98B7003FDFFE /* JYUINavigationBar.m in Sources */ = {isa = PBXBuildFile; fileRef = 506A51C1225C98B7003FDFFE /* JYUINavigationBar.m */; };
		506A51C5225CA4E4003FDFFE /* JYBasicTableView.m in Sources */ = {isa = PBXBuildFile; fileRef = 506A51C3225CA4E4003FDFFE /* JYBasicTableView.m */; };
		506A51C8225CA5D5003FDFFE /* JYBasicCell.m in Sources */ = {isa = PBXBuildFile; fileRef = 506A51C7225CA5D5003FDFFE /* JYBasicCell.m */; };
		506A51CB225CA629003FDFFE /* JYEmptyView.m in Sources */ = {isa = PBXBuildFile; fileRef = 506A51CA225CA629003FDFFE /* JYEmptyView.m */; };
		50756F75225DB85D00619B3C /* ABAHeaderCategoryView.m in Sources */ = {isa = PBXBuildFile; fileRef = 50756F63225DB85D00619B3C /* ABAHeaderCategoryView.m */; };
		50756F76225DB85D00619B3C /* ABAHeaderTabView.m in Sources */ = {isa = PBXBuildFile; fileRef = 50756F68225DB85D00619B3C /* ABAHeaderTabView.m */; };
		50756F78225DB85D00619B3C /* ABAHeaderScrollView.m in Sources */ = {isa = PBXBuildFile; fileRef = 50756F6A225DB85D00619B3C /* ABAHeaderScrollView.m */; };
		50756F7C225DE32C00619B3C /* ABACellImageView.m in Sources */ = {isa = PBXBuildFile; fileRef = 50756F7A225DE32C00619B3C /* ABACellImageView.m */; };
		50756F93225DE75B00619B3C /* GKLoadingView.m in Sources */ = {isa = PBXBuildFile; fileRef = 50756F81225DE75B00619B3C /* GKLoadingView.m */; };
		50756F94225DE75B00619B3C /* UIScrollView+GKGestureHandle.m in Sources */ = {isa = PBXBuildFile; fileRef = 50756F83225DE75B00619B3C /* UIScrollView+GKGestureHandle.m */; };
		50756F95225DE75B00619B3C /* GKScrollView.m in Sources */ = {isa = PBXBuildFile; fileRef = 50756F86225DE75B00619B3C /* GKScrollView.m */; };
		50756F96225DE75B00619B3C /* GKPhotoBrowser.m in Sources */ = {isa = PBXBuildFile; fileRef = 50756F89225DE75B00619B3C /* GKPhotoBrowser.m */; };
		50756F97225DE75B00619B3C /* GKPhoto.m in Sources */ = {isa = PBXBuildFile; fileRef = 50756F8B225DE75B00619B3C /* GKPhoto.m */; };
		50756F98225DE75B00619B3C /* GKWebImageManager.m in Sources */ = {isa = PBXBuildFile; fileRef = 50756F8D225DE75B00619B3C /* GKWebImageManager.m */; };
		50756F99225DE75B00619B3C /* GKPhotoBrowser.bundle in Resources */ = {isa = PBXBuildFile; fileRef = 50756F8F225DE75B00619B3C /* GKPhotoBrowser.bundle */; };
		50756F9A225DE75B00619B3C /* UIImage+GKDecoder.m in Sources */ = {isa = PBXBuildFile; fileRef = 50756F91225DE75B00619B3C /* UIImage+GKDecoder.m */; };
		50756F9B225DE75B00619B3C /* GKPhotoView.m in Sources */ = {isa = PBXBuildFile; fileRef = 50756F92225DE75B00619B3C /* GKPhotoView.m */; };
		50756F9E225DE77000619B3C /* ABASharePopView.m in Sources */ = {isa = PBXBuildFile; fileRef = 50756F9D225DE77000619B3C /* ABASharePopView.m */; };
		50756FA1225DE7ED00619B3C /* LYAlertController.m in Sources */ = {isa = PBXBuildFile; fileRef = 50756F9F225DE7ED00619B3C /* LYAlertController.m */; };
		50756FA7225DFD6B00619B3C /* LeanCloudResModel.m in Sources */ = {isa = PBXBuildFile; fileRef = 50756FA3225DFD6B00619B3C /* LeanCloudResModel.m */; };
		50756FA8225DFD6B00619B3C /* LeanCloudInterface.m in Sources */ = {isa = PBXBuildFile; fileRef = 50756FA6225DFD6B00619B3C /* LeanCloudInterface.m */; };
		50756FCF225E062300619B3C /* JYProfileObjc.m in Sources */ = {isa = PBXBuildFile; fileRef = 50756FCE225E062300619B3C /* JYProfileObjc.m */; };
		923E993422543F9400ECE430 /* AppDelegate+Service.m in Sources */ = {isa = PBXBuildFile; fileRef = 923E993322543F9400ECE430 /* AppDelegate+Service.m */; };
		92848F592255BED600F98BD1 /* JYAfClient.m in Sources */ = {isa = PBXBuildFile; fileRef = 92848F582255BED600F98BD1 /* JYAfClient.m */; };
		92848F5F2255BFA500F98BD1 /* JYAFNetManager.m in Sources */ = {isa = PBXBuildFile; fileRef = 92848F5E2255BFA500F98BD1 /* JYAFNetManager.m */; };
		92908C0422530E70005B8865 /* AppDelegate.m in Sources */ = {isa = PBXBuildFile; fileRef = 92908C0322530E70005B8865 /* AppDelegate.m */; };
		92908C0722530E70005B8865 /* ViewController.m in Sources */ = {isa = PBXBuildFile; fileRef = 92908C0622530E70005B8865 /* ViewController.m */; };
		92908C0A22530E70005B8865 /* Main.storyboard in Resources */ = {isa = PBXBuildFile; fileRef = 92908C0822530E70005B8865 /* Main.storyboard */; };
		92908C0D22530E70005B8865 /* RTPg.xcdatamodeld in Sources */ = {isa = PBXBuildFile; fileRef = 92908C0B22530E70005B8865 /* RTPg.xcdatamodeld */; };
		92908C0F22530E71005B8865 /* Assets.xcassets in Resources */ = {isa = PBXBuildFile; fileRef = 92908C0E22530E71005B8865 /* Assets.xcassets */; };
		92908C1222530E71005B8865 /* LaunchScreen.storyboard in Resources */ = {isa = PBXBuildFile; fileRef = 92908C1022530E71005B8865 /* LaunchScreen.storyboard */; };
		92908C1522530E72005B8865 /* main.m in Sources */ = {isa = PBXBuildFile; fileRef = 92908C1422530E72005B8865 /* main.m */; };
		92908C1F22530E72005B8865 /* RTPgTests.m in Sources */ = {isa = PBXBuildFile; fileRef = 92908C1E22530E72005B8865 /* RTPgTests.m */; };
		92908C2A22530E72005B8865 /* RTPgUITests.m in Sources */ = {isa = PBXBuildFile; fileRef = 92908C2922530E72005B8865 /* RTPgUITests.m */; };
		92DD966A2255DE0C008A4B2F /* JYRequesModel.m in Sources */ = {isa = PBXBuildFile; fileRef = 92DD96692255DE0C008A4B2F /* JYRequesModel.m */; };
		92DD966D2255E31B008A4B2F /* JYResultModel.m in Sources */ = {isa = PBXBuildFile; fileRef = 92DD966C2255E31B008A4B2F /* JYResultModel.m */; };
		92DD96702255E6E5008A4B2F /* JYDataBase.m in Sources */ = {isa = PBXBuildFile; fileRef = 92DD966F2255E6E5008A4B2F /* JYDataBase.m */; };
		92DD96762255F4BB008A4B2F /* NSObject+Runtime.m in Sources */ = {isa = PBXBuildFile; fileRef = 92DD96752255F4BB008A4B2F /* NSObject+Runtime.m */; };
		92DD967C225601B2008A4B2F /* NSObject+Achieve.m in Sources */ = {isa = PBXBuildFile; fileRef = 92DD967B225601B2008A4B2F /* NSObject+Achieve.m */; };
		92DD9684225606A4008A4B2F /* NSObject+WYCoding.m in Sources */ = {isa = PBXBuildFile; fileRef = 92DD967E225606A4008A4B2F /* NSObject+WYCoding.m */; };
		92DD9685225606A4008A4B2F /* WYFileManager.m in Sources */ = {isa = PBXBuildFile; fileRef = 92DD967F225606A4008A4B2F /* WYFileManager.m */; };
		92DD9686225606A4008A4B2F /* WYProperty.m in Sources */ = {isa = PBXBuildFile; fileRef = 92DD9683225606A4008A4B2F /* WYProperty.m */; };
		92DD968D22560785008A4B2F /* JYBasicModel.m in Sources */ = {isa = PBXBuildFile; fileRef = 92DD968C22560785008A4B2F /* JYBasicModel.m */; };
		92DD9695225611D2008A4B2F /* NSString+Md5.m in Sources */ = {isa = PBXBuildFile; fileRef = 92DD9694225611D2008A4B2F /* NSString+Md5.m */; };
		92FB5E73225346CB00CCDC8B /* JYTabBarController.m in Sources */ = {isa = PBXBuildFile; fileRef = 92FB5E71225346CB00CCDC8B /* JYTabBarController.m */; };
		92FB5E77225346F000CCDC8B /* JYTabBar.m in Sources */ = {isa = PBXBuildFile; fileRef = 92FB5E76225346F000CCDC8B /* JYTabBar.m */; };
		92FB5E7D2253478D00CCDC8B /* JYNavigationController.m in Sources */ = {isa = PBXBuildFile; fileRef = 92FB5E7C2253478D00CCDC8B /* JYNavigationController.m */; };
		92FB5E8022534DAB00CCDC8B /* NSString+iPhone.m in Sources */ = {isa = PBXBuildFile; fileRef = 92FB5E7F22534DAB00CCDC8B /* NSString+iPhone.m */; };
		92FB5E862253532B00CCDC8B /* JYKeychainObjc.m in Sources */ = {isa = PBXBuildFile; fileRef = 92FB5E842253532B00CCDC8B /* JYKeychainObjc.m */; };
		92FB5E892253548B00CCDC8B /* KeyChainHelper.m in Sources */ = {isa = PBXBuildFile; fileRef = 92FB5E882253548A00CCDC8B /* KeyChainHelper.m */; };
		DD3A9A046F90A56BFAFAC446 /* libPods-RTPg.a in Frameworks */ = {isa = PBXBuildFile; fileRef = 85CD01E3E95D42FBE90ED77D /* libPods-RTPg.a */; };
/* End PBXBuildFile section */

/* Begin PBXContainerItemProxy section */
		92908C1B22530E72005B8865 /* PBXContainerItemProxy */ = {
			isa = PBXContainerItemProxy;
			containerPortal = 92908BF722530E70005B8865 /* Project object */;
			proxyType = 1;
			remoteGlobalIDString = 92908BFE22530E70005B8865;
			remoteInfo = RTPg;
		};
		92908C2622530E72005B8865 /* PBXContainerItemProxy */ = {
			isa = PBXContainerItemProxy;
			containerPortal = 92908BF722530E70005B8865 /* Project object */;
			proxyType = 1;
			remoteGlobalIDString = 92908BFE22530E70005B8865;
			remoteInfo = RTPg;
		};
/* End PBXContainerItemProxy section */

/* Begin PBXFileReference section */
		45F11E81250647427C4FE43A /* Pods-RTPg.release.xcconfig */ = {isa = PBXFileReference; includeInIndex = 1; lastKnownFileType = text.xcconfig; name = "Pods-RTPg.release.xcconfig"; path = "Pods/Target Support Files/Pods-RTPg/Pods-RTPg.release.xcconfig"; sourceTree = "<group>"; };
		500E8DEF225C346E00D55408 /* JYBasicViewController.h */ = {isa = PBXFileReference; lastKnownFileType = sourcecode.c.h; path = JYBasicViewController.h; sourceTree = "<group>"; };
		500E8DF0225C346E00D55408 /* JYBasicViewController.m */ = {isa = PBXFileReference; lastKnownFileType = sourcecode.c.objc; path = JYBasicViewController.m; sourceTree = "<group>"; };
		500E8DF2225C351F00D55408 /* JYBasicView.h */ = {isa = PBXFileReference; lastKnownFileType = sourcecode.c.h; path = JYBasicView.h; sourceTree = "<group>"; };
		500E8DF3225C351F00D55408 /* JYBasicView.m */ = {isa = PBXFileReference; lastKnownFileType = sourcecode.c.objc; path = JYBasicView.m; sourceTree = "<group>"; };
		500E8DFC225C360900D55408 /* JYCommonBaseWebView.h */ = {isa = PBXFileReference; fileEncoding = 4; lastKnownFileType = sourcecode.c.h; path = JYCommonBaseWebView.h; sourceTree = "<group>"; };
		500E8DFD225C360A00D55408 /* JYCommonBaseWebView.m */ = {isa = PBXFileReference; fileEncoding = 4; lastKnownFileType = sourcecode.c.objc; path = JYCommonBaseWebView.m; sourceTree = "<group>"; };
		500E8DFF225C36B600D55408 /* JYCommonKits.h */ = {isa = PBXFileReference; fileEncoding = 4; lastKnownFileType = sourcecode.c.h; path = JYCommonKits.h; sourceTree = "<group>"; };
		500E8E00225C36B600D55408 /* JYCommonKits.m */ = {isa = PBXFileReference; fileEncoding = 4; lastKnownFileType = sourcecode.c.objc; path = JYCommonKits.m; sourceTree = "<group>"; };
		500E8E03225C378300D55408 /* ABAUISearchBar.h */ = {isa = PBXFileReference; fileEncoding = 4; lastKnownFileType = sourcecode.c.h; path = ABAUISearchBar.h; sourceTree = "<group>"; };
		500E8E04225C378400D55408 /* ABAUITextField.m */ = {isa = PBXFileReference; fileEncoding = 4; lastKnownFileType = sourcecode.c.objc; path = ABAUITextField.m; sourceTree = "<group>"; };
		500E8E05225C378400D55408 /* ABABasicUIButton.h */ = {isa = PBXFileReference; fileEncoding = 4; lastKnownFileType = sourcecode.c.h; path = ABABasicUIButton.h; sourceTree = "<group>"; };
		500E8E06225C378500D55408 /* ABAUISearchBar.m */ = {isa = PBXFileReference; fileEncoding = 4; lastKnownFileType = sourcecode.c.objc; path = ABAUISearchBar.m; sourceTree = "<group>"; };
		500E8E07225C378500D55408 /* ABABasicUIButton.m */ = {isa = PBXFileReference; fileEncoding = 4; lastKnownFileType = sourcecode.c.objc; path = ABABasicUIButton.m; sourceTree = "<group>"; };
		500E8E08225C378600D55408 /* ABABasicUIControl.m */ = {isa = PBXFileReference; fileEncoding = 4; lastKnownFileType = sourcecode.c.objc; path = ABABasicUIControl.m; sourceTree = "<group>"; };
		500E8E09225C378600D55408 /* ABAUITextField.h */ = {isa = PBXFileReference; fileEncoding = 4; lastKnownFileType = sourcecode.c.h; path = ABAUITextField.h; sourceTree = "<group>"; };
		500E8E0A225C378700D55408 /* ABABasicUIControl.h */ = {isa = PBXFileReference; fileEncoding = 4; lastKnownFileType = sourcecode.c.h; path = ABABasicUIControl.h; sourceTree = "<group>"; };
		500E8E0F225C385900D55408 /* ABAHtmlActionObjc.h */ = {isa = PBXFileReference; fileEncoding = 4; lastKnownFileType = sourcecode.c.h; path = ABAHtmlActionObjc.h; sourceTree = "<group>"; };
		500E8E10225C385900D55408 /* ABAHtmlActionObjc.m */ = {isa = PBXFileReference; fileEncoding = 4; lastKnownFileType = sourcecode.c.objc; path = ABAHtmlActionObjc.m; sourceTree = "<group>"; };
		500E8E12225C388200D55408 /* ABAShareAlertView.h */ = {isa = PBXFileReference; fileEncoding = 4; lastKnownFileType = sourcecode.c.h; path = ABAShareAlertView.h; sourceTree = "<group>"; };
		500E8E13225C388300D55408 /* ABAShareAlertView.m */ = {isa = PBXFileReference; fileEncoding = 4; lastKnownFileType = sourcecode.c.objc; path = ABAShareAlertView.m; sourceTree = "<group>"; };
		500E8E15225C399700D55408 /* ABAPopShareCategoryView.m */ = {isa = PBXFileReference; fileEncoding = 4; lastKnownFileType = sourcecode.c.objc; path = ABAPopShareCategoryView.m; sourceTree = "<group>"; };
		500E8E16225C399800D55408 /* ABAPopShareCategoryView.h */ = {isa = PBXFileReference; fileEncoding = 4; lastKnownFileType = sourcecode.c.h; path = ABAPopShareCategoryView.h; sourceTree = "<group>"; };
		500E8E18225C3DAC00D55408 /* UIView+Extension.h */ = {isa = PBXFileReference; fileEncoding = 4; lastKnownFileType = sourcecode.c.h; path = "UIView+Extension.h"; sourceTree = "<group>"; };
		500E8E19225C3DAD00D55408 /* UIView+Extension.m */ = {isa = PBXFileReference; fileEncoding = 4; lastKnownFileType = sourcecode.c.objc; path = "UIView+Extension.m"; sourceTree = "<group>"; };
		500E8E1E225C428000D55408 /* WDLUsefulKitModel.h */ = {isa = PBXFileReference; fileEncoding = 4; lastKnownFileType = sourcecode.c.h; path = WDLUsefulKitModel.h; sourceTree = "<group>"; };
		500E8E1F225C428100D55408 /* WDLUsefulKitModel.m */ = {isa = PBXFileReference; fileEncoding = 4; lastKnownFileType = sourcecode.c.objc; path = WDLUsefulKitModel.m; sourceTree = "<group>"; };
		5034B2F4226037D500D3B906 /* wchatsVC.h */ = {isa = PBXFileReference; lastKnownFileType = sourcecode.c.h; path = wchatsVC.h; sourceTree = "<group>"; };
		5034B2F5226037D500D3B906 /* wchatsVC.m */ = {isa = PBXFileReference; lastKnownFileType = sourcecode.c.objc; path = wchatsVC.m; sourceTree = "<group>"; };
		5034B2F9226042BF00D3B906 /* MBProgressHUD+JJ.m */ = {isa = PBXFileReference; fileEncoding = 4; lastKnownFileType = sourcecode.c.objc; path = "MBProgressHUD+JJ.m"; sourceTree = "<group>"; };
		5034B2FB226042BF00D3B906 /* MBProgressHUD+JJ.h */ = {isa = PBXFileReference; fileEncoding = 4; lastKnownFileType = sourcecode.c.h; path = "MBProgressHUD+JJ.h"; sourceTree = "<group>"; };
		5034B2FC226042BF00D3B906 /* MBProgressHUD.bundle */ = {isa = PBXFileReference; lastKnownFileType = "wrapper.plug-in"; path = MBProgressHUD.bundle; sourceTree = "<group>"; };
		503A632E225B34310061D51A /* RTPg.entitlements */ = {isa = PBXFileReference; lastKnownFileType = text.plist.entitlements; path = RTPg.entitlements; sourceTree = "<group>"; };
		503B7194225ED56E00DF4AF2 /* JYWebViewController.h */ = {isa = PBXFileReference; lastKnownFileType = sourcecode.c.h; path = JYWebViewController.h; sourceTree = "<group>"; };
		503B7195225ED56E00DF4AF2 /* JYWebViewController.m */ = {isa = PBXFileReference; lastKnownFileType = sourcecode.c.objc; path = JYWebViewController.m; sourceTree = "<group>"; };
		503B7197225ED59400DF4AF2 /* JYWebView.h */ = {isa = PBXFileReference; lastKnownFileType = sourcecode.c.h; path = JYWebView.h; sourceTree = "<group>"; };
		503B7198225ED59400DF4AF2 /* JYWebView.m */ = {isa = PBXFileReference; lastKnownFileType = sourcecode.c.objc; path = JYWebView.m; sourceTree = "<group>"; };
		503B719D225ED67700DF4AF2 /* ABAActivityDetailShowView.h */ = {isa = PBXFileReference; fileEncoding = 4; lastKnownFileType = sourcecode.c.h; path = ABAActivityDetailShowView.h; sourceTree = "<group>"; };
		503B719E225ED67800DF4AF2 /* ABAActivityDetailShowView.m */ = {isa = PBXFileReference; fileEncoding = 4; lastKnownFileType = sourcecode.c.objc; path = ABAActivityDetailShowView.m; sourceTree = "<group>"; };
		503B71A0225EDE5300DF4AF2 /* booksVC.h */ = {isa = PBXFileReference; lastKnownFileType = sourcecode.c.h; path = booksVC.h; sourceTree = "<group>"; };
		503B71A1225EDE5300DF4AF2 /* booksVC.m */ = {isa = PBXFileReference; lastKnownFileType = sourcecode.c.objc; path = booksVC.m; sourceTree = "<group>"; };
		503B71A3225F095600DF4AF2 /* booksDetailVC.h */ = {isa = PBXFileReference; lastKnownFileType = sourcecode.c.h; path = booksDetailVC.h; sourceTree = "<group>"; };
		503B71A4225F095600DF4AF2 /* booksDetailVC.m */ = {isa = PBXFileReference; lastKnownFileType = sourcecode.c.objc; path = booksDetailVC.m; sourceTree = "<group>"; };
		503B71AA225F205200DF4AF2 /* jokesVC.h */ = {isa = PBXFileReference; lastKnownFileType = sourcecode.c.h; path = jokesVC.h; sourceTree = "<group>"; };
		503B71AB225F205200DF4AF2 /* jokesVC.m */ = {isa = PBXFileReference; lastKnownFileType = sourcecode.c.objc; path = jokesVC.m; sourceTree = "<group>"; };
		50530313225AFCE400496E32 /* codeConfuse.sh */ = {isa = PBXFileReference; lastKnownFileType = text.script.sh; path = codeConfuse.sh; sourceTree = "<group>"; };
		50530315225B002C00496E32 /* func.list */ = {isa = PBXFileReference; lastKnownFileType = text; path = func.list; sourceTree = "<group>"; };
		50530317225B004E00496E32 /* codeConfuse.h */ = {isa = PBXFileReference; lastKnownFileType = sourcecode.c.h; path = codeConfuse.h; sourceTree = "<group>"; };
		506A519F225C80B5003FDFFE /* ABALoadingAlertView.h */ = {isa = PBXFileReference; fileEncoding = 4; lastKnownFileType = sourcecode.c.h; path = ABALoadingAlertView.h; sourceTree = "<group>"; };
		506A51A0225C80B5003FDFFE /* ABALoadingAlertView.m */ = {isa = PBXFileReference; fileEncoding = 4; lastKnownFileType = sourcecode.c.objc; path = ABALoadingAlertView.m; sourceTree = "<group>"; };
		506A51A2225C8120003FDFFE /* UIView+Geometry.h */ = {isa = PBXFileReference; fileEncoding = 4; lastKnownFileType = sourcecode.c.h; path = "UIView+Geometry.h"; sourceTree = "<group>"; };
		506A51A3225C8121003FDFFE /* UIView+Geometry.m */ = {isa = PBXFileReference; fileEncoding = 4; lastKnownFileType = sourcecode.c.objc; path = "UIView+Geometry.m"; sourceTree = "<group>"; };
		506A51A5225C8284003FDFFE /* ABCInterfaceUrl.h */ = {isa = PBXFileReference; fileEncoding = 4; lastKnownFileType = sourcecode.c.h; path = ABCInterfaceUrl.h; sourceTree = "<group>"; };
		506A51AE225C8453003FDFFE /* HSUpdateApp.m */ = {isa = PBXFileReference; fileEncoding = 4; lastKnownFileType = sourcecode.c.objc; path = HSUpdateApp.m; sourceTree = "<group>"; };
		506A51AF225C8453003FDFFE /* HSUpdateApp.h */ = {isa = PBXFileReference; fileEncoding = 4; lastKnownFileType = sourcecode.c.h; path = HSUpdateApp.h; sourceTree = "<group>"; };
		506A51B4225C8C38003FDFFE /* videoVC.h */ = {isa = PBXFileReference; lastKnownFileType = sourcecode.c.h; path = videoVC.h; sourceTree = "<group>"; };
		506A51B5225C8C38003FDFFE /* videoVC.m */ = {isa = PBXFileReference; lastKnownFileType = sourcecode.c.objc; path = videoVC.m; sourceTree = "<group>"; };
		506A51B7225C8C5F003FDFFE /* infoVC.h */ = {isa = PBXFileReference; lastKnownFileType = sourcecode.c.h; path = infoVC.h; sourceTree = "<group>"; };
		506A51B8225C8C5F003FDFFE /* infoVC.m */ = {isa = PBXFileReference; lastKnownFileType = sourcecode.c.objc; path = infoVC.m; sourceTree = "<group>"; };
		506A51BA225C8C85003FDFFE /* newsVC.h */ = {isa = PBXFileReference; lastKnownFileType = sourcecode.c.h; path = newsVC.h; sourceTree = "<group>"; };
		506A51BB225C8C85003FDFFE /* newsVC.m */ = {isa = PBXFileReference; lastKnownFileType = sourcecode.c.objc; path = newsVC.m; sourceTree = "<group>"; };
		506A51BD225C9585003FDFFE /* JYUIScrollView.h */ = {isa = PBXFileReference; lastKnownFileType = sourcecode.c.h; path = JYUIScrollView.h; sourceTree = "<group>"; };
		506A51BE225C9585003FDFFE /* JYUIScrollView.m */ = {isa = PBXFileReference; lastKnownFileType = sourcecode.c.objc; path = JYUIScrollView.m; sourceTree = "<group>"; };
		506A51C0225C98B6003FDFFE /* JYUINavigationBar.h */ = {isa = PBXFileReference; fileEncoding = 4; lastKnownFileType = sourcecode.c.h; path = JYUINavigationBar.h; sourceTree = "<group>"; };
		506A51C1225C98B7003FDFFE /* JYUINavigationBar.m */ = {isa = PBXFileReference; fileEncoding = 4; lastKnownFileType = sourcecode.c.objc; path = JYUINavigationBar.m; sourceTree = "<group>"; };
		506A51C3225CA4E4003FDFFE /* JYBasicTableView.m */ = {isa = PBXFileReference; fileEncoding = 4; lastKnownFileType = sourcecode.c.objc; path = JYBasicTableView.m; sourceTree = "<group>"; };
		506A51C4225CA4E4003FDFFE /* JYBasicTableView.h */ = {isa = PBXFileReference; fileEncoding = 4; lastKnownFileType = sourcecode.c.h; path = JYBasicTableView.h; sourceTree = "<group>"; };
		506A51C6225CA5D4003FDFFE /* JYBasicCell.h */ = {isa = PBXFileReference; fileEncoding = 4; lastKnownFileType = sourcecode.c.h; path = JYBasicCell.h; sourceTree = "<group>"; };
		506A51C7225CA5D5003FDFFE /* JYBasicCell.m */ = {isa = PBXFileReference; fileEncoding = 4; lastKnownFileType = sourcecode.c.objc; path = JYBasicCell.m; sourceTree = "<group>"; };
		506A51C9225CA629003FDFFE /* JYEmptyView.h */ = {isa = PBXFileReference; lastKnownFileType = sourcecode.c.h; path = JYEmptyView.h; sourceTree = "<group>"; };
		506A51CA225CA629003FDFFE /* JYEmptyView.m */ = {isa = PBXFileReference; lastKnownFileType = sourcecode.c.objc; path = JYEmptyView.m; sourceTree = "<group>"; };
		50756F56225D897B00619B3C /* DebugMacro.h */ = {isa = PBXFileReference; lastKnownFileType = sourcecode.c.h; path = DebugMacro.h; sourceTree = "<group>"; };
		50756F63225DB85D00619B3C /* ABAHeaderCategoryView.m */ = {isa = PBXFileReference; fileEncoding = 4; lastKnownFileType = sourcecode.c.objc; path = ABAHeaderCategoryView.m; sourceTree = "<group>"; };
		50756F65225DB85D00619B3C /* ABAHeaderTabView.h */ = {isa = PBXFileReference; fileEncoding = 4; lastKnownFileType = sourcecode.c.h; path = ABAHeaderTabView.h; sourceTree = "<group>"; };
		50756F66225DB85D00619B3C /* ABAHeaderScrollView.h */ = {isa = PBXFileReference; fileEncoding = 4; lastKnownFileType = sourcecode.c.h; path = ABAHeaderScrollView.h; sourceTree = "<group>"; };
		50756F67225DB85D00619B3C /* ABAHeaderCategoryView.h */ = {isa = PBXFileReference; fileEncoding = 4; lastKnownFileType = sourcecode.c.h; path = ABAHeaderCategoryView.h; sourceTree = "<group>"; };
		50756F68225DB85D00619B3C /* ABAHeaderTabView.m */ = {isa = PBXFileReference; fileEncoding = 4; lastKnownFileType = sourcecode.c.objc; path = ABAHeaderTabView.m; sourceTree = "<group>"; };
		50756F6A225DB85D00619B3C /* ABAHeaderScrollView.m */ = {isa = PBXFileReference; fileEncoding = 4; lastKnownFileType = sourcecode.c.objc; path = ABAHeaderScrollView.m; sourceTree = "<group>"; };
		50756F7A225DE32C00619B3C /* ABACellImageView.m */ = {isa = PBXFileReference; fileEncoding = 4; lastKnownFileType = sourcecode.c.objc; path = ABACellImageView.m; sourceTree = "<group>"; };
		50756F7B225DE32C00619B3C /* ABACellImageView.h */ = {isa = PBXFileReference; fileEncoding = 4; lastKnownFileType = sourcecode.c.h; path = ABACellImageView.h; sourceTree = "<group>"; };
		50756F7F225DE75B00619B3C /* GKWebImageManager.h */ = {isa = PBXFileReference; fileEncoding = 4; lastKnownFileType = sourcecode.c.h; path = GKWebImageManager.h; sourceTree = "<group>"; };
		50756F81225DE75B00619B3C /* GKLoadingView.m */ = {isa = PBXFileReference; fileEncoding = 4; lastKnownFileType = sourcecode.c.objc; path = GKLoadingView.m; sourceTree = "<group>"; };
		50756F82225DE75B00619B3C /* GKLoadingView.h */ = {isa = PBXFileReference; fileEncoding = 4; lastKnownFileType = sourcecode.c.h; path = GKLoadingView.h; sourceTree = "<group>"; };
		50756F83225DE75B00619B3C /* UIScrollView+GKGestureHandle.m */ = {isa = PBXFileReference; fileEncoding = 4; lastKnownFileType = sourcecode.c.objc; path = "UIScrollView+GKGestureHandle.m"; sourceTree = "<group>"; };
		50756F84225DE75B00619B3C /* GKPhoto.h */ = {isa = PBXFileReference; fileEncoding = 4; lastKnownFileType = sourcecode.c.h; path = GKPhoto.h; sourceTree = "<group>"; };
		50756F85225DE75B00619B3C /* GKWebImageProtocol.h */ = {isa = PBXFileReference; fileEncoding = 4; lastKnownFileType = sourcecode.c.h; path = GKWebImageProtocol.h; sourceTree = "<group>"; };
		50756F86225DE75B00619B3C /* GKScrollView.m */ = {isa = PBXFileReference; fileEncoding = 4; lastKnownFileType = sourcecode.c.objc; path = GKScrollView.m; sourceTree = "<group>"; };
		50756F87225DE75B00619B3C /* GKPhotoView.h */ = {isa = PBXFileReference; fileEncoding = 4; lastKnownFileType = sourcecode.c.h; path = GKPhotoView.h; sourceTree = "<group>"; };
		50756F88225DE75B00619B3C /* UIImage+GKDecoder.h */ = {isa = PBXFileReference; fileEncoding = 4; lastKnownFileType = sourcecode.c.h; path = "UIImage+GKDecoder.h"; sourceTree = "<group>"; };
		50756F89225DE75B00619B3C /* GKPhotoBrowser.m */ = {isa = PBXFileReference; fileEncoding = 4; lastKnownFileType = sourcecode.c.objc; path = GKPhotoBrowser.m; sourceTree = "<group>"; };
		50756F8A225DE75B00619B3C /* GKPhotoBrowserConfigure.h */ = {isa = PBXFileReference; fileEncoding = 4; lastKnownFileType = sourcecode.c.h; path = GKPhotoBrowserConfigure.h; sourceTree = "<group>"; };
		50756F8B225DE75B00619B3C /* GKPhoto.m */ = {isa = PBXFileReference; fileEncoding = 4; lastKnownFileType = sourcecode.c.objc; path = GKPhoto.m; sourceTree = "<group>"; };
		50756F8C225DE75B00619B3C /* UIScrollView+GKGestureHandle.h */ = {isa = PBXFileReference; fileEncoding = 4; lastKnownFileType = sourcecode.c.h; path = "UIScrollView+GKGestureHandle.h"; sourceTree = "<group>"; };
		50756F8D225DE75B00619B3C /* GKWebImageManager.m */ = {isa = PBXFileReference; fileEncoding = 4; lastKnownFileType = sourcecode.c.objc; path = GKWebImageManager.m; sourceTree = "<group>"; };
		50756F8E225DE75B00619B3C /* GKScrollView.h */ = {isa = PBXFileReference; fileEncoding = 4; lastKnownFileType = sourcecode.c.h; path = GKScrollView.h; sourceTree = "<group>"; };
		50756F8F225DE75B00619B3C /* GKPhotoBrowser.bundle */ = {isa = PBXFileReference; lastKnownFileType = "wrapper.plug-in"; path = GKPhotoBrowser.bundle; sourceTree = "<group>"; };
		50756F90225DE75B00619B3C /* GKPhotoBrowser.h */ = {isa = PBXFileReference; fileEncoding = 4; lastKnownFileType = sourcecode.c.h; path = GKPhotoBrowser.h; sourceTree = "<group>"; };
		50756F91225DE75B00619B3C /* UIImage+GKDecoder.m */ = {isa = PBXFileReference; fileEncoding = 4; lastKnownFileType = sourcecode.c.objc; path = "UIImage+GKDecoder.m"; sourceTree = "<group>"; };
		50756F92225DE75B00619B3C /* GKPhotoView.m */ = {isa = PBXFileReference; fileEncoding = 4; lastKnownFileType = sourcecode.c.objc; path = GKPhotoView.m; sourceTree = "<group>"; };
		50756F9C225DE77000619B3C /* ABASharePopView.h */ = {isa = PBXFileReference; fileEncoding = 4; lastKnownFileType = sourcecode.c.h; path = ABASharePopView.h; sourceTree = "<group>"; };
		50756F9D225DE77000619B3C /* ABASharePopView.m */ = {isa = PBXFileReference; fileEncoding = 4; lastKnownFileType = sourcecode.c.objc; path = ABASharePopView.m; sourceTree = "<group>"; };
		50756F9F225DE7ED00619B3C /* LYAlertController.m */ = {isa = PBXFileReference; fileEncoding = 4; lastKnownFileType = sourcecode.c.objc; path = LYAlertController.m; sourceTree = "<group>"; };
		50756FA0225DE7ED00619B3C /* LYAlertController.h */ = {isa = PBXFileReference; fileEncoding = 4; lastKnownFileType = sourcecode.c.h; path = LYAlertController.h; sourceTree = "<group>"; };
		50756FA3225DFD6B00619B3C /* LeanCloudResModel.m */ = {isa = PBXFileReference; fileEncoding = 4; lastKnownFileType = sourcecode.c.objc; path = LeanCloudResModel.m; sourceTree = "<group>"; };
		50756FA4225DFD6B00619B3C /* LeanCloudInterface.h */ = {isa = PBXFileReference; fileEncoding = 4; lastKnownFileType = sourcecode.c.h; path = LeanCloudInterface.h; sourceTree = "<group>"; };
		50756FA5225DFD6B00619B3C /* LeanCloudResModel.h */ = {isa = PBXFileReference; fileEncoding = 4; lastKnownFileType = sourcecode.c.h; path = LeanCloudResModel.h; sourceTree = "<group>"; };
		50756FA6225DFD6B00619B3C /* LeanCloudInterface.m */ = {isa = PBXFileReference; fileEncoding = 4; lastKnownFileType = sourcecode.c.objc; path = LeanCloudInterface.m; sourceTree = "<group>"; };
		50756FCD225E062300619B3C /* JYProfileObjc.h */ = {isa = PBXFileReference; lastKnownFileType = sourcecode.c.h; path = JYProfileObjc.h; sourceTree = "<group>"; };
		50756FCE225E062300619B3C /* JYProfileObjc.m */ = {isa = PBXFileReference; lastKnownFileType = sourcecode.c.objc; path = JYProfileObjc.m; sourceTree = "<group>"; };
		53AA7336430DDBE60AF3B7BA /* Pods-RTPg.debug.xcconfig */ = {isa = PBXFileReference; includeInIndex = 1; lastKnownFileType = text.xcconfig; name = "Pods-RTPg.debug.xcconfig"; path = "Pods/Target Support Files/Pods-RTPg/Pods-RTPg.debug.xcconfig"; sourceTree = "<group>"; };
		85CD01E3E95D42FBE90ED77D /* libPods-RTPg.a */ = {isa = PBXFileReference; explicitFileType = archive.ar; includeInIndex = 0; path = "libPods-RTPg.a"; sourceTree = BUILT_PRODUCTS_DIR; };
		9226EECA22536010006AE25D /* JYUserDefineMacro.h */ = {isa = PBXFileReference; lastKnownFileType = sourcecode.c.h; path = JYUserDefineMacro.h; sourceTree = "<group>"; };
		9226EECB22536623006AE25D /* JYPrefixHeader.pch */ = {isa = PBXFileReference; lastKnownFileType = sourcecode.c.h; path = JYPrefixHeader.pch; sourceTree = "<group>"; };
		9226EECC22536754006AE25D /* JYMacro.h */ = {isa = PBXFileReference; lastKnownFileType = sourcecode.c.h; path = JYMacro.h; sourceTree = "<group>"; };
		923E993222543F9400ECE430 /* AppDelegate+Service.h */ = {isa = PBXFileReference; lastKnownFileType = sourcecode.c.h; path = "AppDelegate+Service.h"; sourceTree = "<group>"; };
		923E993322543F9400ECE430 /* AppDelegate+Service.m */ = {isa = PBXFileReference; lastKnownFileType = sourcecode.c.objc; path = "AppDelegate+Service.m"; sourceTree = "<group>"; };
		923E9935225443A900ECE430 /* JYAppKey.h */ = {isa = PBXFileReference; lastKnownFileType = sourcecode.c.h; path = JYAppKey.h; sourceTree = "<group>"; };
		92848F572255BED600F98BD1 /* JYAfClient.h */ = {isa = PBXFileReference; lastKnownFileType = sourcecode.c.h; path = JYAfClient.h; sourceTree = "<group>"; };
		92848F582255BED600F98BD1 /* JYAfClient.m */ = {isa = PBXFileReference; lastKnownFileType = sourcecode.c.objc; path = JYAfClient.m; sourceTree = "<group>"; };
		92848F5D2255BFA500F98BD1 /* JYAFNetManager.h */ = {isa = PBXFileReference; lastKnownFileType = sourcecode.c.h; path = JYAFNetManager.h; sourceTree = "<group>"; };
		92848F5E2255BFA500F98BD1 /* JYAFNetManager.m */ = {isa = PBXFileReference; lastKnownFileType = sourcecode.c.objc; path = JYAFNetManager.m; sourceTree = "<group>"; };
		92908BFF22530E70005B8865 /* RTPg.app */ = {isa = PBXFileReference; explicitFileType = wrapper.application; includeInIndex = 0; path = RTPg.app; sourceTree = BUILT_PRODUCTS_DIR; };
		92908C0222530E70005B8865 /* AppDelegate.h */ = {isa = PBXFileReference; lastKnownFileType = sourcecode.c.h; path = AppDelegate.h; sourceTree = "<group>"; };
		92908C0322530E70005B8865 /* AppDelegate.m */ = {isa = PBXFileReference; lastKnownFileType = sourcecode.c.objc; path = AppDelegate.m; sourceTree = "<group>"; };
		92908C0522530E70005B8865 /* ViewController.h */ = {isa = PBXFileReference; lastKnownFileType = sourcecode.c.h; path = ViewController.h; sourceTree = "<group>"; };
		92908C0622530E70005B8865 /* ViewController.m */ = {isa = PBXFileReference; lastKnownFileType = sourcecode.c.objc; path = ViewController.m; sourceTree = "<group>"; };
		92908C0922530E70005B8865 /* Base */ = {isa = PBXFileReference; lastKnownFileType = file.storyboard; name = Base; path = Base.lproj/Main.storyboard; sourceTree = "<group>"; };
		92908C0C22530E70005B8865 /* RTPg.xcdatamodel */ = {isa = PBXFileReference; lastKnownFileType = wrapper.xcdatamodel; path = RTPg.xcdatamodel; sourceTree = "<group>"; };
		92908C0E22530E71005B8865 /* Assets.xcassets */ = {isa = PBXFileReference; lastKnownFileType = folder.assetcatalog; path = Assets.xcassets; sourceTree = "<group>"; };
		92908C1122530E71005B8865 /* Base */ = {isa = PBXFileReference; lastKnownFileType = file.storyboard; name = Base; path = Base.lproj/LaunchScreen.storyboard; sourceTree = "<group>"; };
		92908C1322530E71005B8865 /* Info.plist */ = {isa = PBXFileReference; lastKnownFileType = text.plist.xml; path = Info.plist; sourceTree = "<group>"; };
		92908C1422530E72005B8865 /* main.m */ = {isa = PBXFileReference; lastKnownFileType = sourcecode.c.objc; path = main.m; sourceTree = "<group>"; };
		92908C1A22530E72005B8865 /* RTPgTests.xctest */ = {isa = PBXFileReference; explicitFileType = wrapper.cfbundle; includeInIndex = 0; path = RTPgTests.xctest; sourceTree = BUILT_PRODUCTS_DIR; };
		92908C1E22530E72005B8865 /* RTPgTests.m */ = {isa = PBXFileReference; lastKnownFileType = sourcecode.c.objc; path = RTPgTests.m; sourceTree = "<group>"; };
		92908C2022530E72005B8865 /* Info.plist */ = {isa = PBXFileReference; lastKnownFileType = text.plist.xml; path = Info.plist; sourceTree = "<group>"; };
		92908C2522530E72005B8865 /* RTPgUITests.xctest */ = {isa = PBXFileReference; explicitFileType = wrapper.cfbundle; includeInIndex = 0; path = RTPgUITests.xctest; sourceTree = BUILT_PRODUCTS_DIR; };
		92908C2922530E72005B8865 /* RTPgUITests.m */ = {isa = PBXFileReference; lastKnownFileType = sourcecode.c.objc; path = RTPgUITests.m; sourceTree = "<group>"; };
		92908C2B22530E72005B8865 /* Info.plist */ = {isa = PBXFileReference; lastKnownFileType = text.plist.xml; path = Info.plist; sourceTree = "<group>"; };
		92DD96682255DE0C008A4B2F /* JYRequesModel.h */ = {isa = PBXFileReference; lastKnownFileType = sourcecode.c.h; path = JYRequesModel.h; sourceTree = "<group>"; };
		92DD96692255DE0C008A4B2F /* JYRequesModel.m */ = {isa = PBXFileReference; lastKnownFileType = sourcecode.c.objc; path = JYRequesModel.m; sourceTree = "<group>"; };
		92DD966B2255E31B008A4B2F /* JYResultModel.h */ = {isa = PBXFileReference; lastKnownFileType = sourcecode.c.h; path = JYResultModel.h; sourceTree = "<group>"; };
		92DD966C2255E31B008A4B2F /* JYResultModel.m */ = {isa = PBXFileReference; lastKnownFileType = sourcecode.c.objc; path = JYResultModel.m; sourceTree = "<group>"; };
		92DD966E2255E6E5008A4B2F /* JYDataBase.h */ = {isa = PBXFileReference; lastKnownFileType = sourcecode.c.h; path = JYDataBase.h; sourceTree = "<group>"; };
		92DD966F2255E6E5008A4B2F /* JYDataBase.m */ = {isa = PBXFileReference; lastKnownFileType = sourcecode.c.objc; path = JYDataBase.m; sourceTree = "<group>"; };
		92DD96742255F4BB008A4B2F /* NSObject+Runtime.h */ = {isa = PBXFileReference; lastKnownFileType = sourcecode.c.h; path = "NSObject+Runtime.h"; sourceTree = "<group>"; };
		92DD96752255F4BB008A4B2F /* NSObject+Runtime.m */ = {isa = PBXFileReference; lastKnownFileType = sourcecode.c.objc; path = "NSObject+Runtime.m"; sourceTree = "<group>"; };
		92DD967A225601B2008A4B2F /* NSObject+Achieve.h */ = {isa = PBXFileReference; lastKnownFileType = sourcecode.c.h; path = "NSObject+Achieve.h"; sourceTree = "<group>"; };
		92DD967B225601B2008A4B2F /* NSObject+Achieve.m */ = {isa = PBXFileReference; lastKnownFileType = sourcecode.c.objc; path = "NSObject+Achieve.m"; sourceTree = "<group>"; };
		92DD967E225606A4008A4B2F /* NSObject+WYCoding.m */ = {isa = PBXFileReference; fileEncoding = 4; lastKnownFileType = sourcecode.c.objc; path = "NSObject+WYCoding.m"; sourceTree = "<group>"; };
		92DD967F225606A4008A4B2F /* WYFileManager.m */ = {isa = PBXFileReference; fileEncoding = 4; lastKnownFileType = sourcecode.c.objc; path = WYFileManager.m; sourceTree = "<group>"; };
		92DD9680225606A4008A4B2F /* WYProperty.h */ = {isa = PBXFileReference; fileEncoding = 4; lastKnownFileType = sourcecode.c.h; path = WYProperty.h; sourceTree = "<group>"; };
		92DD9681225606A4008A4B2F /* WYFileManager.h */ = {isa = PBXFileReference; fileEncoding = 4; lastKnownFileType = sourcecode.c.h; path = WYFileManager.h; sourceTree = "<group>"; };
		92DD9682225606A4008A4B2F /* NSObject+WYCoding.h */ = {isa = PBXFileReference; fileEncoding = 4; lastKnownFileType = sourcecode.c.h; path = "NSObject+WYCoding.h"; sourceTree = "<group>"; };
		92DD9683225606A4008A4B2F /* WYProperty.m */ = {isa = PBXFileReference; fileEncoding = 4; lastKnownFileType = sourcecode.c.objc; path = WYProperty.m; sourceTree = "<group>"; };
		92DD968B22560785008A4B2F /* JYBasicModel.h */ = {isa = PBXFileReference; lastKnownFileType = sourcecode.c.h; path = JYBasicModel.h; sourceTree = "<group>"; };
		92DD968C22560785008A4B2F /* JYBasicModel.m */ = {isa = PBXFileReference; lastKnownFileType = sourcecode.c.objc; path = JYBasicModel.m; sourceTree = "<group>"; };
		92DD9693225611D2008A4B2F /* NSString+Md5.h */ = {isa = PBXFileReference; lastKnownFileType = sourcecode.c.h; path = "NSString+Md5.h"; sourceTree = "<group>"; };
		92DD9694225611D2008A4B2F /* NSString+Md5.m */ = {isa = PBXFileReference; lastKnownFileType = sourcecode.c.objc; path = "NSString+Md5.m"; sourceTree = "<group>"; };
		92DD969922561ACB008A4B2F /* NSDictionary+Extension.h */ = {isa = PBXFileReference; lastKnownFileType = sourcecode.c.h; path = "NSDictionary+Extension.h"; sourceTree = "<group>"; };
		92FB5E70225346CB00CCDC8B /* JYTabBarController.h */ = {isa = PBXFileReference; lastKnownFileType = sourcecode.c.h; path = JYTabBarController.h; sourceTree = "<group>"; };
		92FB5E71225346CB00CCDC8B /* JYTabBarController.m */ = {isa = PBXFileReference; lastKnownFileType = sourcecode.c.objc; path = JYTabBarController.m; sourceTree = "<group>"; };
		92FB5E75225346F000CCDC8B /* JYTabBar.h */ = {isa = PBXFileReference; lastKnownFileType = sourcecode.c.h; path = JYTabBar.h; sourceTree = "<group>"; };
		92FB5E76225346F000CCDC8B /* JYTabBar.m */ = {isa = PBXFileReference; lastKnownFileType = sourcecode.c.objc; path = JYTabBar.m; sourceTree = "<group>"; };
		92FB5E7B2253478D00CCDC8B /* JYNavigationController.h */ = {isa = PBXFileReference; lastKnownFileType = sourcecode.c.h; path = JYNavigationController.h; sourceTree = "<group>"; };
		92FB5E7C2253478D00CCDC8B /* JYNavigationController.m */ = {isa = PBXFileReference; lastKnownFileType = sourcecode.c.objc; path = JYNavigationController.m; sourceTree = "<group>"; };
		92FB5E7E22534DAB00CCDC8B /* NSString+iPhone.h */ = {isa = PBXFileReference; lastKnownFileType = sourcecode.c.h; path = "NSString+iPhone.h"; sourceTree = "<group>"; };
		92FB5E7F22534DAB00CCDC8B /* NSString+iPhone.m */ = {isa = PBXFileReference; lastKnownFileType = sourcecode.c.objc; path = "NSString+iPhone.m"; sourceTree = "<group>"; };
		92FB5E842253532B00CCDC8B /* JYKeychainObjc.m */ = {isa = PBXFileReference; fileEncoding = 4; lastKnownFileType = sourcecode.c.objc; path = JYKeychainObjc.m; sourceTree = "<group>"; };
		92FB5E852253532B00CCDC8B /* JYKeychainObjc.h */ = {isa = PBXFileReference; fileEncoding = 4; lastKnownFileType = sourcecode.c.h; path = JYKeychainObjc.h; sourceTree = "<group>"; };
		92FB5E872253548A00CCDC8B /* KeyChainHelper.h */ = {isa = PBXFileReference; fileEncoding = 4; lastKnownFileType = sourcecode.c.h; path = KeyChainHelper.h; sourceTree = "<group>"; };
		92FB5E882253548A00CCDC8B /* KeyChainHelper.m */ = {isa = PBXFileReference; fileEncoding = 4; lastKnownFileType = sourcecode.c.objc; path = KeyChainHelper.m; sourceTree = "<group>"; };
		92FB5E8C2253556700CCDC8B /* JYColorMacro.h */ = {isa = PBXFileReference; lastKnownFileType = sourcecode.c.h; path = JYColorMacro.h; sourceTree = "<group>"; };
		92FB5E8D2253557F00CCDC8B /* JYFontMacro.h */ = {isa = PBXFileReference; lastKnownFileType = sourcecode.c.h; path = JYFontMacro.h; sourceTree = "<group>"; };
		92FB5E8E225355A100CCDC8B /* JYKitsMacro.h */ = {isa = PBXFileReference; lastKnownFileType = sourcecode.c.h; path = JYKitsMacro.h; sourceTree = "<group>"; };
		92FB5E8F225355C300CCDC8B /* JYNotiMacro.h */ = {isa = PBXFileReference; lastKnownFileType = sourcecode.c.h; path = JYNotiMacro.h; sourceTree = "<group>"; };
		92FB5E90225355D800CCDC8B /* JYErrorMacro.h */ = {isa = PBXFileReference; lastKnownFileType = sourcecode.c.h; path = JYErrorMacro.h; sourceTree = "<group>"; };
		92FB5E91225355F600CCDC8B /* JYAnimateMacro.h */ = {isa = PBXFileReference; lastKnownFileType = sourcecode.c.h; path = JYAnimateMacro.h; sourceTree = "<group>"; };
		92FB5E922253560A00CCDC8B /* JYBusinessMacro.h */ = {isa = PBXFileReference; lastKnownFileType = sourcecode.c.h; path = JYBusinessMacro.h; sourceTree = "<group>"; };
		92FB5E932253563B00CCDC8B /* JYSystemMacro.h */ = {isa = PBXFileReference; lastKnownFileType = sourcecode.c.h; path = JYSystemMacro.h; sourceTree = "<group>"; };
		92FB5E942253571A00CCDC8B /* JYHeaderMacro.h */ = {isa = PBXFileReference; lastKnownFileType = sourcecode.c.h; path = JYHeaderMacro.h; sourceTree = "<group>"; };
		92FB5E9522535AA000CCDC8B /* JYMarginMacro.h */ = {isa = PBXFileReference; lastKnownFileType = sourcecode.c.h; path = JYMarginMacro.h; sourceTree = "<group>"; };
/* End PBXFileReference section */

/* Begin PBXFrameworksBuildPhase section */
		92908BFC22530E70005B8865 /* Frameworks */ = {
			isa = PBXFrameworksBuildPhase;
			buildActionMask = 2147483647;
			files = (
				DD3A9A046F90A56BFAFAC446 /* libPods-RTPg.a in Frameworks */,
			);
			runOnlyForDeploymentPostprocessing = 0;
		};
		92908C1722530E72005B8865 /* Frameworks */ = {
			isa = PBXFrameworksBuildPhase;
			buildActionMask = 2147483647;
			files = (
			);
			runOnlyForDeploymentPostprocessing = 0;
		};
		92908C2222530E72005B8865 /* Frameworks */ = {
			isa = PBXFrameworksBuildPhase;
			buildActionMask = 2147483647;
			files = (
			);
			runOnlyForDeploymentPostprocessing = 0;
		};
/* End PBXFrameworksBuildPhase section */

/* Begin PBXGroup section */
		3EE3943C1B021DE5F01B52A2 /* Frameworks */ = {
			isa = PBXGroup;
			children = (
				85CD01E3E95D42FBE90ED77D /* libPods-RTPg.a */,
			);
			name = Frameworks;
			sourceTree = "<group>";
		};
		500E8DF8225C35D700D55408 /* baseUI */ = {
			isa = PBXGroup;
			children = (
				503B719D225ED67700DF4AF2 /* ABAActivityDetailShowView.h */,
				503B719E225ED67800DF4AF2 /* ABAActivityDetailShowView.m */,
				503B7194225ED56E00DF4AF2 /* JYWebViewController.h */,
				503B7195225ED56E00DF4AF2 /* JYWebViewController.m */,
				50756F7B225DE32C00619B3C /* ABACellImageView.h */,
				50756F7A225DE32C00619B3C /* ABACellImageView.m */,
				506A51C6225CA5D4003FDFFE /* JYBasicCell.h */,
				506A51C7225CA5D5003FDFFE /* JYBasicCell.m */,
				506A51C4225CA4E4003FDFFE /* JYBasicTableView.h */,
				506A51C3225CA4E4003FDFFE /* JYBasicTableView.m */,
				506A51C0225C98B6003FDFFE /* JYUINavigationBar.h */,
				506A51C1225C98B7003FDFFE /* JYUINavigationBar.m */,
				500E8DEF225C346E00D55408 /* JYBasicViewController.h */,
				500E8DF0225C346E00D55408 /* JYBasicViewController.m */,
				500E8DF2225C351F00D55408 /* JYBasicView.h */,
				500E8DF3225C351F00D55408 /* JYBasicView.m */,
				506A51BD225C9585003FDFFE /* JYUIScrollView.h */,
				506A51BE225C9585003FDFFE /* JYUIScrollView.m */,
				506A51C9225CA629003FDFFE /* JYEmptyView.h */,
				506A51CA225CA629003FDFFE /* JYEmptyView.m */,
				503B7197225ED59400DF4AF2 /* JYWebView.h */,
				503B7198225ED59400DF4AF2 /* JYWebView.m */,
			);
			path = baseUI;
			sourceTree = "<group>";
		};
		500E8E02225C36BA00D55408 /* CommonKits */ = {
			isa = PBXGroup;
			children = (
				5034B2F7226042BF00D3B906 /* MBProgressHUD */,
				50756F7D225DE75B00619B3C /* 图片放大 */,
				50756F57225DB85D00619B3C /* 可滑动标题栏 */,
				506A51AD225C8453003FDFFE /* 版本更新 */,
				506A519E225C80B5003FDFFE /* 加载提示框 */,
				500E8E1E225C428000D55408 /* WDLUsefulKitModel.h */,
				500E8E1F225C428100D55408 /* WDLUsefulKitModel.m */,
				50756F9C225DE77000619B3C /* ABASharePopView.h */,
				50756F9D225DE77000619B3C /* ABASharePopView.m */,
				500E8E16225C399800D55408 /* ABAPopShareCategoryView.h */,
				500E8E15225C399700D55408 /* ABAPopShareCategoryView.m */,
				500E8E12225C388200D55408 /* ABAShareAlertView.h */,
				500E8E13225C388300D55408 /* ABAShareAlertView.m */,
				500E8E0F225C385900D55408 /* ABAHtmlActionObjc.h */,
				500E8E10225C385900D55408 /* ABAHtmlActionObjc.m */,
				500E8E05225C378400D55408 /* ABABasicUIButton.h */,
				500E8E07225C378500D55408 /* ABABasicUIButton.m */,
				500E8E0A225C378700D55408 /* ABABasicUIControl.h */,
				500E8E08225C378600D55408 /* ABABasicUIControl.m */,
				500E8E03225C378300D55408 /* ABAUISearchBar.h */,
				500E8E06225C378500D55408 /* ABAUISearchBar.m */,
				500E8E09225C378600D55408 /* ABAUITextField.h */,
				500E8E04225C378400D55408 /* ABAUITextField.m */,
				500E8DFF225C36B600D55408 /* JYCommonKits.h */,
				500E8E00225C36B600D55408 /* JYCommonKits.m */,
			);
			path = CommonKits;
			sourceTree = "<group>";
		};
		5034B2F3226037A700D3B906 /* wchats */ = {
			isa = PBXGroup;
			children = (
				5034B2F4226037D500D3B906 /* wchatsVC.h */,
				5034B2F5226037D500D3B906 /* wchatsVC.m */,
			);
			name = wchats;
			sourceTree = "<group>";
		};
		5034B2F7226042BF00D3B906 /* MBProgressHUD */ = {
			isa = PBXGroup;
			children = (
				5034B2F9226042BF00D3B906 /* MBProgressHUD+JJ.m */,
				5034B2FB226042BF00D3B906 /* MBProgressHUD+JJ.h */,
				5034B2FC226042BF00D3B906 /* MBProgressHUD.bundle */,
			);
			path = MBProgressHUD;
			sourceTree = "<group>";
		};
		503B71A6225F095C00DF4AF2 /* books */ = {
			isa = PBXGroup;
			children = (
				503B71A0225EDE5300DF4AF2 /* booksVC.h */,
				503B71A1225EDE5300DF4AF2 /* booksVC.m */,
				503B71A3225F095600DF4AF2 /* booksDetailVC.h */,
				503B71A4225F095600DF4AF2 /* booksDetailVC.m */,
			);
			name = books;
			sourceTree = "<group>";
		};
		503B71A7225F096000DF4AF2 /* news */ = {
			isa = PBXGroup;
			children = (
				506A51BA225C8C85003FDFFE /* newsVC.h */,
				506A51BB225C8C85003FDFFE /* newsVC.m */,
			);
			name = news;
			sourceTree = "<group>";
		};
		503B71A8225F096400DF4AF2 /* infos */ = {
			isa = PBXGroup;
			children = (
				506A51B7225C8C5F003FDFFE /* infoVC.h */,
				506A51B8225C8C5F003FDFFE /* infoVC.m */,
			);
			name = infos;
			sourceTree = "<group>";
		};
		503B71A9225F097200DF4AF2 /* videos */ = {
			isa = PBXGroup;
			children = (
				506A51B4225C8C38003FDFFE /* videoVC.h */,
				506A51B5225C8C38003FDFFE /* videoVC.m */,
			);
			name = videos;
			sourceTree = "<group>";
		};
		503B71AD225F205C00DF4AF2 /* jokes */ = {
			isa = PBXGroup;
			children = (
				503B71AA225F205200DF4AF2 /* jokesVC.h */,
				503B71AB225F205200DF4AF2 /* jokesVC.m */,
			);
			name = jokes;
			sourceTree = "<group>";
		};
		50530312225AFCAB00496E32 /* codeConfuse */ = {
			isa = PBXGroup;
			children = (
				50530313225AFCE400496E32 /* codeConfuse.sh */,
				50530315225B002C00496E32 /* func.list */,
				50530317225B004E00496E32 /* codeConfuse.h */,
			);
			path = codeConfuse;
			sourceTree = "<group>";
		};
		506A519E225C80B5003FDFFE /* 加载提示框 */ = {
			isa = PBXGroup;
			children = (
				506A519F225C80B5003FDFFE /* ABALoadingAlertView.h */,
				506A51A0225C80B5003FDFFE /* ABALoadingAlertView.m */,
			);
			path = "加载提示框";
			sourceTree = "<group>";
		};
		506A51AD225C8453003FDFFE /* 版本更新 */ = {
			isa = PBXGroup;
			children = (
				50756FA0225DE7ED00619B3C /* LYAlertController.h */,
				50756F9F225DE7ED00619B3C /* LYAlertController.m */,
				506A51AE225C8453003FDFFE /* HSUpdateApp.m */,
				506A51AF225C8453003FDFFE /* HSUpdateApp.h */,
			);
			path = "版本更新";
			sourceTree = "<group>";
		};
		50756F57225DB85D00619B3C /* 可滑动标题栏 */ = {
			isa = PBXGroup;
			children = (
				50756F67225DB85D00619B3C /* ABAHeaderCategoryView.h */,
				50756F63225DB85D00619B3C /* ABAHeaderCategoryView.m */,
				50756F65225DB85D00619B3C /* ABAHeaderTabView.h */,
				50756F68225DB85D00619B3C /* ABAHeaderTabView.m */,
				50756F66225DB85D00619B3C /* ABAHeaderScrollView.h */,
				50756F6A225DB85D00619B3C /* ABAHeaderScrollView.m */,
			);
			path = "可滑动标题栏";
			sourceTree = "<group>";
		};
		50756F7D225DE75B00619B3C /* 图片放大 */ = {
			isa = PBXGroup;
			children = (
				50756F7E225DE75B00619B3C /* GKPhotoBrowser */,
			);
			path = "图片放大";
			sourceTree = "<group>";
		};
		50756F7E225DE75B00619B3C /* GKPhotoBrowser */ = {
			isa = PBXGroup;
			children = (
				50756F7F225DE75B00619B3C /* GKWebImageManager.h */,
				50756F80225DE75B00619B3C /* GKLoadingView */,
				50756F83225DE75B00619B3C /* UIScrollView+GKGestureHandle.m */,
				50756F84225DE75B00619B3C /* GKPhoto.h */,
				50756F85225DE75B00619B3C /* GKWebImageProtocol.h */,
				50756F86225DE75B00619B3C /* GKScrollView.m */,
				50756F87225DE75B00619B3C /* GKPhotoView.h */,
				50756F88225DE75B00619B3C /* UIImage+GKDecoder.h */,
				50756F89225DE75B00619B3C /* GKPhotoBrowser.m */,
				50756F8A225DE75B00619B3C /* GKPhotoBrowserConfigure.h */,
				50756F8B225DE75B00619B3C /* GKPhoto.m */,
				50756F8C225DE75B00619B3C /* UIScrollView+GKGestureHandle.h */,
				50756F8D225DE75B00619B3C /* GKWebImageManager.m */,
				50756F8E225DE75B00619B3C /* GKScrollView.h */,
				50756F8F225DE75B00619B3C /* GKPhotoBrowser.bundle */,
				50756F90225DE75B00619B3C /* GKPhotoBrowser.h */,
				50756F91225DE75B00619B3C /* UIImage+GKDecoder.m */,
				50756F92225DE75B00619B3C /* GKPhotoView.m */,
			);
			path = GKPhotoBrowser;
			sourceTree = "<group>";
		};
		50756F80225DE75B00619B3C /* GKLoadingView */ = {
			isa = PBXGroup;
			children = (
				50756F81225DE75B00619B3C /* GKLoadingView.m */,
				50756F82225DE75B00619B3C /* GKLoadingView.h */,
			);
			path = GKLoadingView;
			sourceTree = "<group>";
		};
		50756FA2225DFD6B00619B3C /* leanService */ = {
			isa = PBXGroup;
			children = (
				50756FA3225DFD6B00619B3C /* LeanCloudResModel.m */,
				50756FA4225DFD6B00619B3C /* LeanCloudInterface.h */,
				50756FA5225DFD6B00619B3C /* LeanCloudResModel.h */,
				50756FA6225DFD6B00619B3C /* LeanCloudInterface.m */,
			);
			path = leanService;
			sourceTree = "<group>";
		};
		923E993022543F1600ECE430 /* category */ = {
			isa = PBXGroup;
			children = (
				923E993222543F9400ECE430 /* AppDelegate+Service.h */,
				923E993322543F9400ECE430 /* AppDelegate+Service.m */,
			);
			path = category;
			sourceTree = "<group>";
		};
		923E993122543F1600ECE430 /* objcClass */ = {
			isa = PBXGroup;
			children = (
				92DD96872256073D008A4B2F /* baseClass */,
				92908C0222530E70005B8865 /* AppDelegate.h */,
				92908C0322530E70005B8865 /* AppDelegate.m */,
			);
			path = objcClass;
			sourceTree = "<group>";
		};
		923E993C22545BC400ECE430 /* networkService */ = {
			isa = PBXGroup;
			children = (
				92848F572255BED600F98BD1 /* JYAfClient.h */,
				92848F582255BED600F98BD1 /* JYAfClient.m */,
				92848F5D2255BFA500F98BD1 /* JYAFNetManager.h */,
				92848F5E2255BFA500F98BD1 /* JYAFNetManager.m */,
				92DD96682255DE0C008A4B2F /* JYRequesModel.h */,
				92DD96692255DE0C008A4B2F /* JYRequesModel.m */,
				92DD966B2255E31B008A4B2F /* JYResultModel.h */,
				92DD966C2255E31B008A4B2F /* JYResultModel.m */,
				92DD966E2255E6E5008A4B2F /* JYDataBase.h */,
				92DD966F2255E6E5008A4B2F /* JYDataBase.m */,
			);
			path = networkService;
			sourceTree = "<group>";
		};
		92908BF622530E70005B8865 = {
			isa = PBXGroup;
			children = (
				92908C3822530F7F005B8865 /* Document */,
				92908C0122530E70005B8865 /* RTPg */,
				92908C1D22530E72005B8865 /* RTPgTests */,
				92908C2822530E72005B8865 /* RTPgUITests */,
				92908C0022530E70005B8865 /* Products */,
				A97C376B64A11D49AA181DFC /* Pods */,
				3EE3943C1B021DE5F01B52A2 /* Frameworks */,
			);
			sourceTree = "<group>";
		};
		92908C0022530E70005B8865 /* Products */ = {
			isa = PBXGroup;
			children = (
				92908BFF22530E70005B8865 /* RTPg.app */,
				92908C1A22530E72005B8865 /* RTPgTests.xctest */,
				92908C2522530E72005B8865 /* RTPgUITests.xctest */,
			);
			name = Products;
			sourceTree = "<group>";
		};
		92908C0122530E70005B8865 /* RTPg */ = {
			isa = PBXGroup;
			children = (
				503A632E225B34310061D51A /* RTPg.entitlements */,
				92908C0522530E70005B8865 /* ViewController.h */,
				92908C0622530E70005B8865 /* ViewController.m */,
				92908C0822530E70005B8865 /* Main.storyboard */,
				92908C0E22530E71005B8865 /* Assets.xcassets */,
				92908C1022530E71005B8865 /* LaunchScreen.storyboard */,
				92908C1322530E71005B8865 /* Info.plist */,
				92908C1422530E72005B8865 /* main.m */,
				92908C0B22530E70005B8865 /* RTPg.xcdatamodeld */,
			);
			path = RTPg;
			sourceTree = "<group>";
		};
		92908C1D22530E72005B8865 /* RTPgTests */ = {
			isa = PBXGroup;
			children = (
				92908C1E22530E72005B8865 /* RTPgTests.m */,
				92908C2022530E72005B8865 /* Info.plist */,
			);
			path = RTPgTests;
			sourceTree = "<group>";
		};
		92908C2822530E72005B8865 /* RTPgUITests */ = {
			isa = PBXGroup;
			children = (
				92908C2922530E72005B8865 /* RTPgUITests.m */,
				92908C2B22530E72005B8865 /* Info.plist */,
			);
			path = RTPgUITests;
			sourceTree = "<group>";
		};
		92908C3822530F7F005B8865 /* Document */ = {
			isa = PBXGroup;
			children = (
				92908C4022530FC9005B8865 /* lib */,
				92908C3F22530FC1005B8865 /* third */,
				92908C3922530F7F005B8865 /* res */,
				92908C3A22530F7F005B8865 /* class */,
			);
			path = Document;
			sourceTree = "<group>";
		};
		92908C3922530F7F005B8865 /* res */ = {
			isa = PBXGroup;
			children = (
			);
			path = res;
			sourceTree = "<group>";
		};
		92908C3A22530F7F005B8865 /* class */ = {
			isa = PBXGroup;
			children = (
				92908C3B22530F7F005B8865 /* ui */,
				92908C3C22530F7F005B8865 /* class */,
			);
			path = class;
			sourceTree = "<group>";
		};
		92908C3B22530F7F005B8865 /* ui */ = {
			isa = PBXGroup;
			children = (
				92FB5E6C2253454200CCDC8B /* SysUI */,
				92FB5E6B2253451800CCDC8B /* commonUI */,
			);
			path = ui;
			sourceTree = "<group>";
		};
		92908C3C22530F7F005B8865 /* class */ = {
			isa = PBXGroup;
			children = (
				92908C3E22530FA4005B8865 /* SysObjc */,
				92908C3D22530F9A005B8865 /* commonObjc */,
			);
			path = class;
			sourceTree = "<group>";
		};
		92908C3D22530F9A005B8865 /* commonObjc */ = {
			isa = PBXGroup;
			children = (
				92FB5E8A2253552C00CCDC8B /* macro */,
				92FB5E82225352FF00CCDC8B /* objc */,
				92FB5E81225352F700CCDC8B /* category */,
			);
			path = commonObjc;
			sourceTree = "<group>";
		};
		92908C3E22530FA4005B8865 /* SysObjc */ = {
			isa = PBXGroup;
			children = (
				923E993022543F1600ECE430 /* category */,
				923E993122543F1600ECE430 /* objcClass */,
			);
			path = SysObjc;
			sourceTree = "<group>";
		};
		92908C3F22530FC1005B8865 /* third */ = {
			isa = PBXGroup;
			children = (
			);
			path = third;
			sourceTree = "<group>";
		};
		92908C4022530FC9005B8865 /* lib */ = {
			isa = PBXGroup;
			children = (
				50530312225AFCAB00496E32 /* codeConfuse */,
			);
			path = lib;
			sourceTree = "<group>";
		};
		92DD967D225606A4008A4B2F /* WYCoding */ = {
			isa = PBXGroup;
			children = (
				92DD967E225606A4008A4B2F /* NSObject+WYCoding.m */,
				92DD967F225606A4008A4B2F /* WYFileManager.m */,
				92DD9680225606A4008A4B2F /* WYProperty.h */,
				92DD9681225606A4008A4B2F /* WYFileManager.h */,
				92DD9682225606A4008A4B2F /* NSObject+WYCoding.h */,
				92DD9683225606A4008A4B2F /* WYProperty.m */,
			);
			path = WYCoding;
			sourceTree = "<group>";
		};
		92DD96872256073D008A4B2F /* baseClass */ = {
			isa = PBXGroup;
			children = (
				92DD968A2256076C008A4B2F /* baseController */,
				92DD96892256076C008A4B2F /* baseKits */,
				92DD96882256076C008A4B2F /* baseModel */,
			);
			path = baseClass;
			sourceTree = "<group>";
		};
		92DD96882256076C008A4B2F /* baseModel */ = {
			isa = PBXGroup;
			children = (
				92DD968B22560785008A4B2F /* JYBasicModel.h */,
				92DD968C22560785008A4B2F /* JYBasicModel.m */,
			);
			path = baseModel;
			sourceTree = "<group>";
		};
		92DD96892256076C008A4B2F /* baseKits */ = {
			isa = PBXGroup;
			children = (
				50756FCD225E062300619B3C /* JYProfileObjc.h */,
				50756FCE225E062300619B3C /* JYProfileObjc.m */,
			);
			path = baseKits;
			sourceTree = "<group>";
		};
		92DD968A2256076C008A4B2F /* baseController */ = {
			isa = PBXGroup;
			children = (
			);
			path = baseController;
			sourceTree = "<group>";
		};
		92FB5E6B2253451800CCDC8B /* commonUI */ = {
			isa = PBXGroup;
			children = (
				500E8DF8225C35D700D55408 /* baseUI */,
				92FB5E70225346CB00CCDC8B /* JYTabBarController.h */,
				92FB5E71225346CB00CCDC8B /* JYTabBarController.m */,
				92FB5E75225346F000CCDC8B /* JYTabBar.h */,
				92FB5E76225346F000CCDC8B /* JYTabBar.m */,
				92FB5E7B2253478D00CCDC8B /* JYNavigationController.h */,
				92FB5E7C2253478D00CCDC8B /* JYNavigationController.m */,
				500E8DFC225C360900D55408 /* JYCommonBaseWebView.h */,
				500E8DFD225C360A00D55408 /* JYCommonBaseWebView.m */,
			);
			path = commonUI;
			sourceTree = "<group>";
		};
		92FB5E6C2253454200CCDC8B /* SysUI */ = {
			isa = PBXGroup;
			children = (
				5034B2F3226037A700D3B906 /* wchats */,
				503B71AD225F205C00DF4AF2 /* jokes */,
				503B71A9225F097200DF4AF2 /* videos */,
				503B71A8225F096400DF4AF2 /* infos */,
				503B71A7225F096000DF4AF2 /* news */,
				503B71A6225F095C00DF4AF2 /* books */,
			);
			path = SysUI;
			sourceTree = "<group>";
		};
		92FB5E81225352F700CCDC8B /* category */ = {
			isa = PBXGroup;
			children = (
				506A51A2225C8120003FDFFE /* UIView+Geometry.h */,
				506A51A3225C8121003FDFFE /* UIView+Geometry.m */,
				500E8E18225C3DAC00D55408 /* UIView+Extension.h */,
				500E8E19225C3DAD00D55408 /* UIView+Extension.m */,
				92FB5E7E22534DAB00CCDC8B /* NSString+iPhone.h */,
				92FB5E7F22534DAB00CCDC8B /* NSString+iPhone.m */,
				92DD96742255F4BB008A4B2F /* NSObject+Runtime.h */,
				92DD96752255F4BB008A4B2F /* NSObject+Runtime.m */,
				92DD967A225601B2008A4B2F /* NSObject+Achieve.h */,
				92DD967B225601B2008A4B2F /* NSObject+Achieve.m */,
				92DD9693225611D2008A4B2F /* NSString+Md5.h */,
				92DD9694225611D2008A4B2F /* NSString+Md5.m */,
				92DD969922561ACB008A4B2F /* NSDictionary+Extension.h */,
			);
			path = category;
			sourceTree = "<group>";
		};
		92FB5E82225352FF00CCDC8B /* objc */ = {
			isa = PBXGroup;
			children = (
				50756FA2225DFD6B00619B3C /* leanService */,
				500E8E02225C36BA00D55408 /* CommonKits */,
				92DD967D225606A4008A4B2F /* WYCoding */,
				923E993C22545BC400ECE430 /* networkService */,
				92FB5E8B2253552C00CCDC8B /* keyChain */,
			);
			path = objc;
			sourceTree = "<group>";
		};
		92FB5E8A2253552C00CCDC8B /* macro */ = {
			isa = PBXGroup;
			children = (
				506A51A5225C8284003FDFFE /* ABCInterfaceUrl.h */,
				92FB5E8C2253556700CCDC8B /* JYColorMacro.h */,
				92FB5E8D2253557F00CCDC8B /* JYFontMacro.h */,
				92FB5E8E225355A100CCDC8B /* JYKitsMacro.h */,
				92FB5E8F225355C300CCDC8B /* JYNotiMacro.h */,
				92FB5E90225355D800CCDC8B /* JYErrorMacro.h */,
				92FB5E91225355F600CCDC8B /* JYAnimateMacro.h */,
				92FB5E922253560A00CCDC8B /* JYBusinessMacro.h */,
				92FB5E932253563B00CCDC8B /* JYSystemMacro.h */,
				92FB5E942253571A00CCDC8B /* JYHeaderMacro.h */,
				92FB5E9522535AA000CCDC8B /* JYMarginMacro.h */,
				9226EECA22536010006AE25D /* JYUserDefineMacro.h */,
				9226EECC22536754006AE25D /* JYMacro.h */,
				9226EECB22536623006AE25D /* JYPrefixHeader.pch */,
				923E9935225443A900ECE430 /* JYAppKey.h */,
				50756F56225D897B00619B3C /* DebugMacro.h */,
			);
			path = macro;
			sourceTree = "<group>";
		};
		92FB5E8B2253552C00CCDC8B /* keyChain */ = {
			isa = PBXGroup;
			children = (
				92FB5E872253548A00CCDC8B /* KeyChainHelper.h */,
				92FB5E882253548A00CCDC8B /* KeyChainHelper.m */,
				92FB5E852253532B00CCDC8B /* JYKeychainObjc.h */,
				92FB5E842253532B00CCDC8B /* JYKeychainObjc.m */,
			);
			path = keyChain;
			sourceTree = "<group>";
		};
		A97C376B64A11D49AA181DFC /* Pods */ = {
			isa = PBXGroup;
			children = (
				53AA7336430DDBE60AF3B7BA /* Pods-RTPg.debug.xcconfig */,
				45F11E81250647427C4FE43A /* Pods-RTPg.release.xcconfig */,
			);
			name = Pods;
			sourceTree = "<group>";
		};
/* End PBXGroup section */

/* Begin PBXNativeTarget section */
		92908BFE22530E70005B8865 /* RTPg */ = {
			isa = PBXNativeTarget;
			buildConfigurationList = 92908C2E22530E72005B8865 /* Build configuration list for PBXNativeTarget "RTPg" */;
			buildPhases = (
				0D09BD92BFC0E9FFE86422E7 /* [CP] Check Pods Manifest.lock */,
				92908BFB22530E70005B8865 /* Sources */,
				92908BFC22530E70005B8865 /* Frameworks */,
				92908BFD22530E70005B8865 /* Resources */,
				020ACFAAB2122C099B472003 /* [CP] Copy Pods Resources */,
				50530314225AFD4E00496E32 /* Run Script */,
			);
			buildRules = (
			);
			dependencies = (
			);
			name = RTPg;
			productName = RTPg;
			productReference = 92908BFF22530E70005B8865 /* RTPg.app */;
			productType = "com.apple.product-type.application";
		};
		92908C1922530E72005B8865 /* RTPgTests */ = {
			isa = PBXNativeTarget;
			buildConfigurationList = 92908C3122530E72005B8865 /* Build configuration list for PBXNativeTarget "RTPgTests" */;
			buildPhases = (
				92908C1622530E72005B8865 /* Sources */,
				92908C1722530E72005B8865 /* Frameworks */,
				92908C1822530E72005B8865 /* Resources */,
			);
			buildRules = (
			);
			dependencies = (
				92908C1C22530E72005B8865 /* PBXTargetDependency */,
			);
			name = RTPgTests;
			productName = RTPgTests;
			productReference = 92908C1A22530E72005B8865 /* RTPgTests.xctest */;
			productType = "com.apple.product-type.bundle.unit-test";
		};
		92908C2422530E72005B8865 /* RTPgUITests */ = {
			isa = PBXNativeTarget;
			buildConfigurationList = 92908C3422530E72005B8865 /* Build configuration list for PBXNativeTarget "RTPgUITests" */;
			buildPhases = (
				92908C2122530E72005B8865 /* Sources */,
				92908C2222530E72005B8865 /* Frameworks */,
				92908C2322530E72005B8865 /* Resources */,
			);
			buildRules = (
			);
			dependencies = (
				92908C2722530E72005B8865 /* PBXTargetDependency */,
			);
			name = RTPgUITests;
			productName = RTPgUITests;
			productReference = 92908C2522530E72005B8865 /* RTPgUITests.xctest */;
			productType = "com.apple.product-type.bundle.ui-testing";
		};
/* End PBXNativeTarget section */

/* Begin PBXProject section */
		92908BF722530E70005B8865 /* Project object */ = {
			isa = PBXProject;
			attributes = {
				LastUpgradeCheck = 1000;
				ORGANIZATIONNAME = "汪栋梁";
				TargetAttributes = {
					92908BFE22530E70005B8865 = {
						CreatedOnToolsVersion = 10.0;
						SystemCapabilities = {
							com.apple.BackgroundModes = {
								enabled = 1;
							};
							com.apple.Push = {
								enabled = 1;
							};
						};
					};
					92908C1922530E72005B8865 = {
						CreatedOnToolsVersion = 10.0;
						TestTargetID = 92908BFE22530E70005B8865;
					};
					92908C2422530E72005B8865 = {
						CreatedOnToolsVersion = 10.0;
						TestTargetID = 92908BFE22530E70005B8865;
					};
				};
			};
			buildConfigurationList = 92908BFA22530E70005B8865 /* Build configuration list for PBXProject "RTPg" */;
			compatibilityVersion = "Xcode 9.3";
			developmentRegion = en;
			hasScannedForEncodings = 0;
			knownRegions = (
				en,
				Base,
			);
			mainGroup = 92908BF622530E70005B8865;
			productRefGroup = 92908C0022530E70005B8865 /* Products */;
			projectDirPath = "";
			projectRoot = "";
			targets = (
				92908BFE22530E70005B8865 /* RTPg */,
				92908C1922530E72005B8865 /* RTPgTests */,
				92908C2422530E72005B8865 /* RTPgUITests */,
			);
		};
/* End PBXProject section */

/* Begin PBXResourcesBuildPhase section */
		92908BFD22530E70005B8865 /* Resources */ = {
			isa = PBXResourcesBuildPhase;
			buildActionMask = 2147483647;
			files = (
				92908C1222530E71005B8865 /* LaunchScreen.storyboard in Resources */,
				92908C0F22530E71005B8865 /* Assets.xcassets in Resources */,
				50756F99225DE75B00619B3C /* GKPhotoBrowser.bundle in Resources */,
				92908C0A22530E70005B8865 /* Main.storyboard in Resources */,
				50530316225B002C00496E32 /* func.list in Resources */,
				5034B2FF226042C000D3B906 /* MBProgressHUD.bundle in Resources */,
			);
			runOnlyForDeploymentPostprocessing = 0;
		};
		92908C1822530E72005B8865 /* Resources */ = {
			isa = PBXResourcesBuildPhase;
			buildActionMask = 2147483647;
			files = (
			);
			runOnlyForDeploymentPostprocessing = 0;
		};
		92908C2322530E72005B8865 /* Resources */ = {
			isa = PBXResourcesBuildPhase;
			buildActionMask = 2147483647;
			files = (
			);
			runOnlyForDeploymentPostprocessing = 0;
		};
/* End PBXResourcesBuildPhase section */

/* Begin PBXShellScriptBuildPhase section */
		020ACFAAB2122C099B472003 /* [CP] Copy Pods Resources */ = {
			isa = PBXShellScriptBuildPhase;
			buildActionMask = 2147483647;
			files = (
			);
			inputPaths = (
				"${PODS_ROOT}/Target Support Files/Pods-RTPg/Pods-RTPg-resources.sh",
				"${PODS_ROOT}/AVOSCloud/AVOS/AVOSCloud/AVOSCloud_Art.inc",
				"${PODS_ROOT}/IQKeyboardManager/IQKeyboardManager/Resources/IQKeyboardManager.bundle",
				"${PODS_ROOT}/MJRefresh/MJRefresh/MJRefresh.bundle",
				"${PODS_ROOT}/RSKImageCropper/RSKImageCropper/RSKImageCropperStrings.bundle",
				"${PODS_ROOT}/TZImagePickerController/TZImagePickerController/TZImagePickerController/TZImagePickerController.bundle",
				"${PODS_ROOT}/UMCCommonLog/UMCommonLog/UMCommonLog.bundle",
				"${PODS_ROOT}/UMCShare/UMShare/UMSocialUI/UMSocialSDKResources.bundle",
			);
			name = "[CP] Copy Pods Resources";
			outputPaths = (
				"${TARGET_BUILD_DIR}/${UNLOCALIZED_RESOURCES_FOLDER_PATH}/AVOSCloud_Art.inc",
				"${TARGET_BUILD_DIR}/${UNLOCALIZED_RESOURCES_FOLDER_PATH}/IQKeyboardManager.bundle",
				"${TARGET_BUILD_DIR}/${UNLOCALIZED_RESOURCES_FOLDER_PATH}/MJRefresh.bundle",
				"${TARGET_BUILD_DIR}/${UNLOCALIZED_RESOURCES_FOLDER_PATH}/RSKImageCropperStrings.bundle",
				"${TARGET_BUILD_DIR}/${UNLOCALIZED_RESOURCES_FOLDER_PATH}/TZImagePickerController.bundle",
				"${TARGET_BUILD_DIR}/${UNLOCALIZED_RESOURCES_FOLDER_PATH}/UMCommonLog.bundle",
				"${TARGET_BUILD_DIR}/${UNLOCALIZED_RESOURCES_FOLDER_PATH}/UMSocialSDKResources.bundle",
			);
			runOnlyForDeploymentPostprocessing = 0;
			shellPath = /bin/sh;
			shellScript = "\"${PODS_ROOT}/Target Support Files/Pods-RTPg/Pods-RTPg-resources.sh\"\n";
			showEnvVarsInLog = 0;
		};
		0D09BD92BFC0E9FFE86422E7 /* [CP] Check Pods Manifest.lock */ = {
			isa = PBXShellScriptBuildPhase;
			buildActionMask = 2147483647;
			files = (
			);
			inputPaths = (
				"${PODS_PODFILE_DIR_PATH}/Podfile.lock",
				"${PODS_ROOT}/Manifest.lock",
			);
			name = "[CP] Check Pods Manifest.lock";
			outputPaths = (
				"$(DERIVED_FILE_DIR)/Pods-RTPg-checkManifestLockResult.txt",
			);
			runOnlyForDeploymentPostprocessing = 0;
			shellPath = /bin/sh;
			shellScript = "diff \"${PODS_PODFILE_DIR_PATH}/Podfile.lock\" \"${PODS_ROOT}/Manifest.lock\" > /dev/null\nif [ $? != 0 ] ; then\n    # print error to STDERR\n    echo \"error: The sandbox is not in sync with the Podfile.lock. Run 'pod install' or update your CocoaPods installation.\" >&2\n    exit 1\nfi\n# This output is used by Xcode 'outputs' to avoid re-running this script phase.\necho \"SUCCESS\" > \"${SCRIPT_OUTPUT_FILE_0}\"\n";
			showEnvVarsInLog = 0;
		};
		50530314225AFD4E00496E32 /* Run Script */ = {
			isa = PBXShellScriptBuildPhase;
			buildActionMask = 2147483647;
			files = (
			);
			inputFileListPaths = (
			);
			inputPaths = (
			);
			name = "Run Script";
			outputFileListPaths = (
			);
			outputPaths = (
			);
			runOnlyForDeploymentPostprocessing = 0;
			shellPath = /bin/sh;
			shellScript = "# Type a script or drag a script file from your workspace to insert its path.\n$PROJECT_DIR/Document/lib/codeConfuse/codeConfuse.sh\n";
		};
/* End PBXShellScriptBuildPhase section */

/* Begin PBXSourcesBuildPhase section */
		92908BFB22530E70005B8865 /* Sources */ = {
			isa = PBXSourcesBuildPhase;
			buildActionMask = 2147483647;
			files = (
				50756FA7225DFD6B00619B3C /* LeanCloudResModel.m in Sources */,
				50756F76225DB85D00619B3C /* ABAHeaderTabView.m in Sources */,
				92908C0D22530E70005B8865 /* RTPg.xcdatamodeld in Sources */,
				506A51A1225C80B5003FDFFE /* ABALoadingAlertView.m in Sources */,
				506A51BC225C8C85003FDFFE /* newsVC.m in Sources */,
				503B71A5225F095600DF4AF2 /* booksDetailVC.m in Sources */,
				50756F98225DE75B00619B3C /* GKWebImageManager.m in Sources */,
				503B7199225ED59400DF4AF2 /* JYWebView.m in Sources */,
				92DD9684225606A4008A4B2F /* NSObject+WYCoding.m in Sources */,
				92DD9695225611D2008A4B2F /* NSString+Md5.m in Sources */,
				92908C0722530E70005B8865 /* ViewController.m in Sources */,
				92DD96762255F4BB008A4B2F /* NSObject+Runtime.m in Sources */,
				500E8DFE225C360A00D55408 /* JYCommonBaseWebView.m in Sources */,
				50756F96225DE75B00619B3C /* GKPhotoBrowser.m in Sources */,
				500E8E0B225C378700D55408 /* ABAUITextField.m in Sources */,
				92848F592255BED600F98BD1 /* JYAfClient.m in Sources */,
				503B71A2225EDE5300DF4AF2 /* booksVC.m in Sources */,
				50756FCF225E062300619B3C /* JYProfileObjc.m in Sources */,
				500E8E1A225C3DAD00D55408 /* UIView+Extension.m in Sources */,
				92FB5E7D2253478D00CCDC8B /* JYNavigationController.m in Sources */,
				50756F75225DB85D00619B3C /* ABAHeaderCategoryView.m in Sources */,
				50756FA1225DE7ED00619B3C /* LYAlertController.m in Sources */,
				50756F7C225DE32C00619B3C /* ABACellImageView.m in Sources */,
				92DD968D22560785008A4B2F /* JYBasicModel.m in Sources */,
				92FB5E73225346CB00CCDC8B /* JYTabBarController.m in Sources */,
				92FB5E8022534DAB00CCDC8B /* NSString+iPhone.m in Sources */,
				500E8E0D225C378700D55408 /* ABABasicUIButton.m in Sources */,
				50756F9A225DE75B00619B3C /* UIImage+GKDecoder.m in Sources */,
				506A51B9225C8C5F003FDFFE /* infoVC.m in Sources */,
				92DD9686225606A4008A4B2F /* WYProperty.m in Sources */,
				500E8E0E225C378700D55408 /* ABABasicUIControl.m in Sources */,
				500E8E01225C36B700D55408 /* JYCommonKits.m in Sources */,
				92FB5E862253532B00CCDC8B /* JYKeychainObjc.m in Sources */,
				50756F94225DE75B00619B3C /* UIScrollView+GKGestureHandle.m in Sources */,
				500E8DF4225C351F00D55408 /* JYBasicView.m in Sources */,
				5034B2FE226042C000D3B906 /* MBProgressHUD+JJ.m in Sources */,
				92DD966A2255DE0C008A4B2F /* JYRequesModel.m in Sources */,
				50756F93225DE75B00619B3C /* GKLoadingView.m in Sources */,
				50756F95225DE75B00619B3C /* GKScrollView.m in Sources */,
				92848F5F2255BFA500F98BD1 /* JYAFNetManager.m in Sources */,
				500E8E11225C385900D55408 /* ABAHtmlActionObjc.m in Sources */,
				506A51A4225C8121003FDFFE /* UIView+Geometry.m in Sources */,
				92908C1522530E72005B8865 /* main.m in Sources */,
				500E8DF1225C346E00D55408 /* JYBasicViewController.m in Sources */,
				500E8E0C225C378700D55408 /* ABAUISearchBar.m in Sources */,
				92FB5E77225346F000CCDC8B /* JYTabBar.m in Sources */,
				503B719F225ED67800DF4AF2 /* ABAActivityDetailShowView.m in Sources */,
				50756F9B225DE75B00619B3C /* GKPhotoView.m in Sources */,
				50756F78225DB85D00619B3C /* ABAHeaderScrollView.m in Sources */,
				506A51C5225CA4E4003FDFFE /* JYBasicTableView.m in Sources */,
				506A51C8225CA5D5003FDFFE /* JYBasicCell.m in Sources */,
				92DD966D2255E31B008A4B2F /* JYResultModel.m in Sources */,
				506A51B6225C8C38003FDFFE /* videoVC.m in Sources */,
				503B7196225ED56E00DF4AF2 /* JYWebViewController.m in Sources */,
				92DD967C225601B2008A4B2F /* NSObject+Achieve.m in Sources */,
				92DD9685225606A4008A4B2F /* WYFileManager.m in Sources */,
				500E8E20225C428100D55408 /* WDLUsefulKitModel.m in Sources */,
				506A51CB225CA629003FDFFE /* JYEmptyView.m in Sources */,
				923E993422543F9400ECE430 /* AppDelegate+Service.m in Sources */,
				506A51C2225C98B7003FDFFE /* JYUINavigationBar.m in Sources */,
				500E8E17225C399800D55408 /* ABAPopShareCategoryView.m in Sources */,
				92DD96702255E6E5008A4B2F /* JYDataBase.m in Sources */,
				5034B2F6226037D500D3B906 /* wchatsVC.m in Sources */,
				50756F9E225DE77000619B3C /* ABASharePopView.m in Sources */,
				506A51B0225C8453003FDFFE /* HSUpdateApp.m in Sources */,
				50756FA8225DFD6B00619B3C /* LeanCloudInterface.m in Sources */,
				506A51BF225C9585003FDFFE /* JYUIScrollView.m in Sources */,
				92FB5E892253548B00CCDC8B /* KeyChainHelper.m in Sources */,
				92908C0422530E70005B8865 /* AppDelegate.m in Sources */,
				503B71AC225F205200DF4AF2 /* jokesVC.m in Sources */,
				50756F97225DE75B00619B3C /* GKPhoto.m in Sources */,
				500E8E14225C388300D55408 /* ABAShareAlertView.m in Sources */,
			);
			runOnlyForDeploymentPostprocessing = 0;
		};
		92908C1622530E72005B8865 /* Sources */ = {
			isa = PBXSourcesBuildPhase;
			buildActionMask = 2147483647;
			files = (
				92908C1F22530E72005B8865 /* RTPgTests.m in Sources */,
			);
			runOnlyForDeploymentPostprocessing = 0;
		};
		92908C2122530E72005B8865 /* Sources */ = {
			isa = PBXSourcesBuildPhase;
			buildActionMask = 2147483647;
			files = (
				92908C2A22530E72005B8865 /* RTPgUITests.m in Sources */,
			);
			runOnlyForDeploymentPostprocessing = 0;
		};
/* End PBXSourcesBuildPhase section */

/* Begin PBXTargetDependency section */
		92908C1C22530E72005B8865 /* PBXTargetDependency */ = {
			isa = PBXTargetDependency;
			target = 92908BFE22530E70005B8865 /* RTPg */;
			targetProxy = 92908C1B22530E72005B8865 /* PBXContainerItemProxy */;
		};
		92908C2722530E72005B8865 /* PBXTargetDependency */ = {
			isa = PBXTargetDependency;
			target = 92908BFE22530E70005B8865 /* RTPg */;
			targetProxy = 92908C2622530E72005B8865 /* PBXContainerItemProxy */;
		};
/* End PBXTargetDependency section */

/* Begin PBXVariantGroup section */
		92908C0822530E70005B8865 /* Main.storyboard */ = {
			isa = PBXVariantGroup;
			children = (
				92908C0922530E70005B8865 /* Base */,
			);
			name = Main.storyboard;
			sourceTree = "<group>";
		};
		92908C1022530E71005B8865 /* LaunchScreen.storyboard */ = {
			isa = PBXVariantGroup;
			children = (
				92908C1122530E71005B8865 /* Base */,
			);
			name = LaunchScreen.storyboard;
			sourceTree = "<group>";
		};
/* End PBXVariantGroup section */

/* Begin XCBuildConfiguration section */
		92908C2C22530E72005B8865 /* Debug */ = {
			isa = XCBuildConfiguration;
			buildSettings = {
				ALWAYS_SEARCH_USER_PATHS = NO;
				CLANG_ANALYZER_NONNULL = YES;
				CLANG_ANALYZER_NUMBER_OBJECT_CONVERSION = YES_AGGRESSIVE;
				CLANG_CXX_LANGUAGE_STANDARD = "gnu++14";
				CLANG_CXX_LIBRARY = "libc++";
				CLANG_ENABLE_MODULES = YES;
				CLANG_ENABLE_OBJC_ARC = YES;
				CLANG_ENABLE_OBJC_WEAK = YES;
				CLANG_WARN_BLOCK_CAPTURE_AUTORELEASING = YES;
				CLANG_WARN_BOOL_CONVERSION = YES;
				CLANG_WARN_COMMA = YES;
				CLANG_WARN_CONSTANT_CONVERSION = YES;
				CLANG_WARN_DEPRECATED_OBJC_IMPLEMENTATIONS = YES;
				CLANG_WARN_DIRECT_OBJC_ISA_USAGE = YES_ERROR;
				CLANG_WARN_DOCUMENTATION_COMMENTS = YES;
				CLANG_WARN_EMPTY_BODY = YES;
				CLANG_WARN_ENUM_CONVERSION = YES;
				CLANG_WARN_INFINITE_RECURSION = YES;
				CLANG_WARN_INT_CONVERSION = YES;
				CLANG_WARN_NON_LITERAL_NULL_CONVERSION = YES;
				CLANG_WARN_OBJC_IMPLICIT_RETAIN_SELF = YES;
				CLANG_WARN_OBJC_LITERAL_CONVERSION = YES;
				CLANG_WARN_OBJC_ROOT_CLASS = YES_ERROR;
				CLANG_WARN_RANGE_LOOP_ANALYSIS = YES;
				CLANG_WARN_STRICT_PROTOTYPES = YES;
				CLANG_WARN_SUSPICIOUS_MOVE = YES;
				CLANG_WARN_UNGUARDED_AVAILABILITY = YES_AGGRESSIVE;
				CLANG_WARN_UNREACHABLE_CODE = YES;
				CLANG_WARN__DUPLICATE_METHOD_MATCH = YES;
				CODE_SIGN_IDENTITY = "iPhone Developer";
				COPY_PHASE_STRIP = NO;
				DEBUG_INFORMATION_FORMAT = dwarf;
				ENABLE_STRICT_OBJC_MSGSEND = YES;
				ENABLE_TESTABILITY = YES;
				GCC_C_LANGUAGE_STANDARD = gnu11;
				GCC_DYNAMIC_NO_PIC = NO;
				GCC_NO_COMMON_BLOCKS = YES;
				GCC_OPTIMIZATION_LEVEL = 0;
				GCC_PREPROCESSOR_DEFINITIONS = (
					"DEBUG=1",
					"$(inherited)",
				);
				GCC_WARN_64_TO_32_BIT_CONVERSION = YES;
				GCC_WARN_ABOUT_RETURN_TYPE = YES_ERROR;
				GCC_WARN_UNDECLARED_SELECTOR = YES;
				GCC_WARN_UNINITIALIZED_AUTOS = YES_AGGRESSIVE;
				GCC_WARN_UNUSED_FUNCTION = YES;
				GCC_WARN_UNUSED_VARIABLE = YES;
				IPHONEOS_DEPLOYMENT_TARGET = 12.0;
				MTL_ENABLE_DEBUG_INFO = INCLUDE_SOURCE;
				MTL_FAST_MATH = YES;
				ONLY_ACTIVE_ARCH = YES;
				SDKROOT = iphoneos;
			};
			name = Debug;
		};
		92908C2D22530E72005B8865 /* Release */ = {
			isa = XCBuildConfiguration;
			buildSettings = {
				ALWAYS_SEARCH_USER_PATHS = NO;
				CLANG_ANALYZER_NONNULL = YES;
				CLANG_ANALYZER_NUMBER_OBJECT_CONVERSION = YES_AGGRESSIVE;
				CLANG_CXX_LANGUAGE_STANDARD = "gnu++14";
				CLANG_CXX_LIBRARY = "libc++";
				CLANG_ENABLE_MODULES = YES;
				CLANG_ENABLE_OBJC_ARC = YES;
				CLANG_ENABLE_OBJC_WEAK = YES;
				CLANG_WARN_BLOCK_CAPTURE_AUTORELEASING = YES;
				CLANG_WARN_BOOL_CONVERSION = YES;
				CLANG_WARN_COMMA = YES;
				CLANG_WARN_CONSTANT_CONVERSION = YES;
				CLANG_WARN_DEPRECATED_OBJC_IMPLEMENTATIONS = YES;
				CLANG_WARN_DIRECT_OBJC_ISA_USAGE = YES_ERROR;
				CLANG_WARN_DOCUMENTATION_COMMENTS = YES;
				CLANG_WARN_EMPTY_BODY = YES;
				CLANG_WARN_ENUM_CONVERSION = YES;
				CLANG_WARN_INFINITE_RECURSION = YES;
				CLANG_WARN_INT_CONVERSION = YES;
				CLANG_WARN_NON_LITERAL_NULL_CONVERSION = YES;
				CLANG_WARN_OBJC_IMPLICIT_RETAIN_SELF = YES;
				CLANG_WARN_OBJC_LITERAL_CONVERSION = YES;
				CLANG_WARN_OBJC_ROOT_CLASS = YES_ERROR;
				CLANG_WARN_RANGE_LOOP_ANALYSIS = YES;
				CLANG_WARN_STRICT_PROTOTYPES = YES;
				CLANG_WARN_SUSPICIOUS_MOVE = YES;
				CLANG_WARN_UNGUARDED_AVAILABILITY = YES_AGGRESSIVE;
				CLANG_WARN_UNREACHABLE_CODE = YES;
				CLANG_WARN__DUPLICATE_METHOD_MATCH = YES;
				CODE_SIGN_IDENTITY = "iPhone Developer";
				COPY_PHASE_STRIP = NO;
				DEBUG_INFORMATION_FORMAT = "dwarf-with-dsym";
				ENABLE_NS_ASSERTIONS = NO;
				ENABLE_STRICT_OBJC_MSGSEND = YES;
				GCC_C_LANGUAGE_STANDARD = gnu11;
				GCC_NO_COMMON_BLOCKS = YES;
				GCC_WARN_64_TO_32_BIT_CONVERSION = YES;
				GCC_WARN_ABOUT_RETURN_TYPE = YES_ERROR;
				GCC_WARN_UNDECLARED_SELECTOR = YES;
				GCC_WARN_UNINITIALIZED_AUTOS = YES_AGGRESSIVE;
				GCC_WARN_UNUSED_FUNCTION = YES;
				GCC_WARN_UNUSED_VARIABLE = YES;
				IPHONEOS_DEPLOYMENT_TARGET = 12.0;
				MTL_ENABLE_DEBUG_INFO = NO;
				MTL_FAST_MATH = YES;
				SDKROOT = iphoneos;
				VALIDATE_PRODUCT = YES;
			};
			name = Release;
		};
		92908C2F22530E72005B8865 /* Debug */ = {
			isa = XCBuildConfiguration;
			baseConfigurationReference = 53AA7336430DDBE60AF3B7BA /* Pods-RTPg.debug.xcconfig */;
			buildSettings = {
				ASSETCATALOG_COMPILER_APPICON_NAME = AppIcon;
				ASSETCATALOG_COMPILER_LAUNCHIMAGE_NAME = LaunchImage;
				CODE_SIGN_ENTITLEMENTS = RTPg/RTPg.entitlements;
				CODE_SIGN_IDENTITY = "iPhone Developer";
				CODE_SIGN_STYLE = Automatic;
				DEVELOPMENT_TEAM = DJD482YY4W;
				GCC_PRECOMPILE_PREFIX_HEADER = YES;
				GCC_PREFIX_HEADER = "$(SRCROOT)/Document/class/class/commonObjc/macro/JYPrefixHeader.pch";
				INFOPLIST_FILE = RTPg/Info.plist;
				LD_RUNPATH_SEARCH_PATHS = (
					"$(inherited)",
					"@executable_path/Frameworks",
				);
				PRODUCT_BUNDLE_IDENTIFIER = com.wangdongliang.shuyu;
				PRODUCT_NAME = "$(TARGET_NAME)";
				PROVISIONING_PROFILE_SPECIFIER = "";
				TARGETED_DEVICE_FAMILY = 1;
			};
			name = Debug;
		};
		92908C3022530E72005B8865 /* Release */ = {
			isa = XCBuildConfiguration;
			baseConfigurationReference = 45F11E81250647427C4FE43A /* Pods-RTPg.release.xcconfig */;
			buildSettings = {
				ASSETCATALOG_COMPILER_APPICON_NAME = AppIcon;
				ASSETCATALOG_COMPILER_LAUNCHIMAGE_NAME = LaunchImage;
				CODE_SIGN_ENTITLEMENTS = RTPg/RTPg.entitlements;
				CODE_SIGN_IDENTITY = "iPhone Developer";
				CODE_SIGN_STYLE = Automatic;
				DEVELOPMENT_TEAM = DJD482YY4W;
				GCC_PRECOMPILE_PREFIX_HEADER = YES;
				GCC_PREFIX_HEADER = "$(SRCROOT)/Document/class/class/commonObjc/macro/JYPrefixHeader.pch";
				INFOPLIST_FILE = RTPg/Info.plist;
				LD_RUNPATH_SEARCH_PATHS = (
					"$(inherited)",
					"@executable_path/Frameworks",
				);
				PRODUCT_BUNDLE_IDENTIFIER = com.wangdongliang.shuyu;
				PRODUCT_NAME = "$(TARGET_NAME)";
				PROVISIONING_PROFILE_SPECIFIER = "";
				TARGETED_DEVICE_FAMILY = 1;
			};
			name = Release;
		};
		92908C3222530E72005B8865 /* Debug */ = {
			isa = XCBuildConfiguration;
			buildSettings = {
				BUNDLE_LOADER = "$(TEST_HOST)";
				CODE_SIGN_STYLE = Automatic;
				DEVELOPMENT_TEAM = DJD482YY4W;
				INFOPLIST_FILE = RTPgTests/Info.plist;
				LD_RUNPATH_SEARCH_PATHS = (
					"$(inherited)",
					"@executable_path/Frameworks",
					"@loader_path/Frameworks",
				);
				PRODUCT_BUNDLE_IDENTIFIER = com.wangdongliang.RTPgTests;
				PRODUCT_NAME = "$(TARGET_NAME)";
				TARGETED_DEVICE_FAMILY = "1,2";
				TEST_HOST = "$(BUILT_PRODUCTS_DIR)/RTPg.app/RTPg";
			};
			name = Debug;
		};
		92908C3322530E72005B8865 /* Release */ = {
			isa = XCBuildConfiguration;
			buildSettings = {
				BUNDLE_LOADER = "$(TEST_HOST)";
				CODE_SIGN_STYLE = Automatic;
				DEVELOPMENT_TEAM = DJD482YY4W;
				INFOPLIST_FILE = RTPgTests/Info.plist;
				LD_RUNPATH_SEARCH_PATHS = (
					"$(inherited)",
					"@executable_path/Frameworks",
					"@loader_path/Frameworks",
				);
				PRODUCT_BUNDLE_IDENTIFIER = com.wangdongliang.RTPgTests;
				PRODUCT_NAME = "$(TARGET_NAME)";
				TARGETED_DEVICE_FAMILY = "1,2";
				TEST_HOST = "$(BUILT_PRODUCTS_DIR)/RTPg.app/RTPg";
			};
			name = Release;
		};
		92908C3522530E72005B8865 /* Debug */ = {
			isa = XCBuildConfiguration;
			buildSettings = {
				CODE_SIGN_STYLE = Automatic;
				DEVELOPMENT_TEAM = W8Z784DU27;
				INFOPLIST_FILE = RTPgUITests/Info.plist;
				LD_RUNPATH_SEARCH_PATHS = (
					"$(inherited)",
					"@executable_path/Frameworks",
					"@loader_path/Frameworks",
				);
				PRODUCT_BUNDLE_IDENTIFIER = com.wangdongliang.RTPgUITests;
				PRODUCT_NAME = "$(TARGET_NAME)";
				TARGETED_DEVICE_FAMILY = "1,2";
				TEST_TARGET_NAME = RTPg;
			};
			name = Debug;
		};
		92908C3622530E72005B8865 /* Release */ = {
			isa = XCBuildConfiguration;
			buildSettings = {
				CODE_SIGN_STYLE = Automatic;
				DEVELOPMENT_TEAM = W8Z784DU27;
				INFOPLIST_FILE = RTPgUITests/Info.plist;
				LD_RUNPATH_SEARCH_PATHS = (
					"$(inherited)",
					"@executable_path/Frameworks",
					"@loader_path/Frameworks",
				);
				PRODUCT_BUNDLE_IDENTIFIER = com.wangdongliang.RTPgUITests;
				PRODUCT_NAME = "$(TARGET_NAME)";
				TARGETED_DEVICE_FAMILY = "1,2";
				TEST_TARGET_NAME = RTPg;
			};
			name = Release;
		};
/* End XCBuildConfiguration section */

/* Begin XCConfigurationList section */
		92908BFA22530E70005B8865 /* Build configuration list for PBXProject "RTPg" */ = {
			isa = XCConfigurationList;
			buildConfigurations = (
				92908C2C22530E72005B8865 /* Debug */,
				92908C2D22530E72005B8865 /* Release */,
			);
			defaultConfigurationIsVisible = 0;
			defaultConfigurationName = Release;
		};
		92908C2E22530E72005B8865 /* Build configuration list for PBXNativeTarget "RTPg" */ = {
			isa = XCConfigurationList;
			buildConfigurations = (
				92908C2F22530E72005B8865 /* Debug */,
				92908C3022530E72005B8865 /* Release */,
			);
			defaultConfigurationIsVisible = 0;
			defaultConfigurationName = Release;
		};
		92908C3122530E72005B8865 /* Build configuration list for PBXNativeTarget "RTPgTests" */ = {
			isa = XCConfigurationList;
			buildConfigurations = (
				92908C3222530E72005B8865 /* Debug */,
				92908C3322530E72005B8865 /* Release */,
			);
			defaultConfigurationIsVisible = 0;
			defaultConfigurationName = Release;
		};
		92908C3422530E72005B8865 /* Build configuration list for PBXNativeTarget "RTPgUITests" */ = {
			isa = XCConfigurationList;
			buildConfigurations = (
				92908C3522530E72005B8865 /* Debug */,
				92908C3622530E72005B8865 /* Release */,
			);
			defaultConfigurationIsVisible = 0;
			defaultConfigurationName = Release;
		};
/* End XCConfigurationList section */

/* Begin XCVersionGroup section */
		92908C0B22530E70005B8865 /* RTPg.xcdatamodeld */ = {
			isa = XCVersionGroup;
			children = (
				92908C0C22530E70005B8865 /* RTPg.xcdatamodel */,
			);
			currentVersion = 92908C0C22530E70005B8865 /* RTPg.xcdatamodel */;
			path = RTPg.xcdatamodeld;
			sourceTree = "<group>";
			versionGroupType = wrapper.xcdatamodel;
		};
/* End XCVersionGroup section */
	};
	rootObject = 92908BF722530E70005B8865 /* Project object */;
}
